// !$*UTF8*$!
{
	archiveVersion = 1;
	classes = {
	};
	objectVersion = 46;
	objects = {

/* Begin PBXBuildFile section */
		BFCB52FE1A01CC000031493D /* Foundation.framework in Frameworks */ = {isa = PBXBuildFile; fileRef = BFCB52FD1A01CC000031493D /* Foundation.framework */; };
		BFCB53001A01CC000031493D /* CoreGraphics.framework in Frameworks */ = {isa = PBXBuildFile; fileRef = BFCB52FF1A01CC000031493D /* CoreGraphics.framework */; };
		BFCB53021A01CC000031493D /* UIKit.framework in Frameworks */ = {isa = PBXBuildFile; fileRef = BFCB53011A01CC000031493D /* UIKit.framework */; };
		BFCB53081A01CC000031493D /* InfoPlist.strings in Resources */ = {isa = PBXBuildFile; fileRef = BFCB53061A01CC000031493D /* InfoPlist.strings */; };
		BFCB530A1A01CC000031493D /* main.m in Sources */ = {isa = PBXBuildFile; fileRef = BFCB53091A01CC000031493D /* main.m */; };
		BFCB530E1A01CC000031493D /* BIDAppDelegate.m in Sources */ = {isa = PBXBuildFile; fileRef = BFCB530D1A01CC000031493D /* BIDAppDelegate.m */; };
		BFCB53111A01CC000031493D /* Main.storyboard in Resources */ = {isa = PBXBuildFile; fileRef = BFCB530F1A01CC000031493D /* Main.storyboard */; };
		BFCB53141A01CC000031493D /* BIDViewController.m in Sources */ = {isa = PBXBuildFile; fileRef = BFCB53131A01CC000031493D /* BIDViewController.m */; };
		BFCB53161A01CC000031493D /* Images.xcassets in Resources */ = {isa = PBXBuildFile; fileRef = BFCB53151A01CC000031493D /* Images.xcassets */; };
		BFCB531D1A01CC000031493D /* XCTest.framework in Frameworks */ = {isa = PBXBuildFile; fileRef = BFCB531C1A01CC000031493D /* XCTest.framework */; };
		BFCB531E1A01CC000031493D /* Foundation.framework in Frameworks */ = {isa = PBXBuildFile; fileRef = BFCB52FD1A01CC000031493D /* Foundation.framework */; };
		BFCB531F1A01CC000031493D /* UIKit.framework in Frameworks */ = {isa = PBXBuildFile; fileRef = BFCB53011A01CC000031493D /* UIKit.framework */; };
		BFCB53271A01CC000031493D /* InfoPlist.strings in Resources */ = {isa = PBXBuildFile; fileRef = BFCB53251A01CC000031493D /* InfoPlist.strings */; };
		BFCB53291A01CC000031493D /* _402_ControlFunTests.m in Sources */ = {isa = PBXBuildFile; fileRef = BFCB53281A01CC000031493D /* _402_ControlFunTests.m */; };
/* End PBXBuildFile section */

/* Begin PBXContainerItemProxy section */
		BFCB53201A01CC000031493D /* PBXContainerItemProxy */ = {
			isa = PBXContainerItemProxy;
			containerPortal = BFCB52F21A01CC000031493D /* Project object */;
			proxyType = 1;
			remoteGlobalIDString = BFCB52F91A01CC000031493D;
			remoteInfo = "0402-ControlFun";
		};
/* End PBXContainerItemProxy section */

/* Begin PBXFileReference section */
		BFCB52FA1A01CC000031493D /* 0402-ControlFun.app */ = {isa = PBXFileReference; explicitFileType = wrapper.application; includeInIndex = 0; path = "0402-ControlFun.app"; sourceTree = BUILT_PRODUCTS_DIR; };
		BFCB52FD1A01CC000031493D /* Foundation.framework */ = {isa = PBXFileReference; lastKnownFileType = wrapper.framework; name = Foundation.framework; path = System/Library/Frameworks/Foundation.framework; sourceTree = SDKROOT; };
		BFCB52FF1A01CC000031493D /* CoreGraphics.framework */ = {isa = PBXFileReference; lastKnownFileType = wrapper.framework; name = CoreGraphics.framework; path = System/Library/Frameworks/CoreGraphics.framework; sourceTree = SDKROOT; };
		BFCB53011A01CC000031493D /* UIKit.framework */ = {isa = PBXFileReference; lastKnownFileType = wrapper.framework; name = UIKit.framework; path = System/Library/Frameworks/UIKit.framework; sourceTree = SDKROOT; };
		BFCB53051A01CC000031493D /* 0402-ControlFun-Info.plist */ = {isa = PBXFileReference; lastKnownFileType = text.plist.xml; path = "0402-ControlFun-Info.plist"; sourceTree = "<group>"; };
		BFCB53071A01CC000031493D /* en */ = {isa = PBXFileReference; lastKnownFileType = text.plist.strings; name = en; path = en.lproj/InfoPlist.strings; sourceTree = "<group>"; };
		BFCB53091A01CC000031493D /* main.m */ = {isa = PBXFileReference; lastKnownFileType = sourcecode.c.objc; path = main.m; sourceTree = "<group>"; };
		BFCB530B1A01CC000031493D /* 0402-ControlFun-Prefix.pch */ = {isa = PBXFileReference; lastKnownFileType = sourcecode.c.h; path = "0402-ControlFun-Prefix.pch"; sourceTree = "<group>"; };
		BFCB530C1A01CC000031493D /* BIDAppDelegate.h */ = {isa = PBXFileReference; lastKnownFileType = sourcecode.c.h; path = BIDAppDelegate.h; sourceTree = "<group>"; };
		BFCB530D1A01CC000031493D /* BIDAppDelegate.m */ = {isa = PBXFileReference; lastKnownFileType = sourcecode.c.objc; path = BIDAppDelegate.m; sourceTree = "<group>"; };
		BFCB53101A01CC000031493D /* Base */ = {isa = PBXFileReference; lastKnownFileType = file.storyboard; name = Base; path = Base.lproj/Main.storyboard; sourceTree = "<group>"; };
		BFCB53121A01CC000031493D /* BIDViewController.h */ = {isa = PBXFileReference; lastKnownFileType = sourcecode.c.h; path = BIDViewController.h; sourceTree = "<group>"; };
		BFCB53131A01CC000031493D /* BIDViewController.m */ = {isa = PBXFileReference; lastKnownFileType = sourcecode.c.objc; path = BIDViewController.m; sourceTree = "<group>"; };
		BFCB53151A01CC000031493D /* Images.xcassets */ = {isa = PBXFileReference; lastKnownFileType = folder.assetcatalog; path = Images.xcassets; sourceTree = "<group>"; };
		BFCB531B1A01CC000031493D /* 0402-ControlFunTests.xctest */ = {isa = PBXFileReference; explicitFileType = wrapper.cfbundle; includeInIndex = 0; path = "0402-ControlFunTests.xctest"; sourceTree = BUILT_PRODUCTS_DIR; };
		BFCB531C1A01CC000031493D /* XCTest.framework */ = {isa = PBXFileReference; lastKnownFileType = wrapper.framework; name = XCTest.framework; path = Library/Frameworks/XCTest.framework; sourceTree = DEVELOPER_DIR; };
		BFCB53241A01CC000031493D /* 0402-ControlFunTests-Info.plist */ = {isa = PBXFileReference; lastKnownFileType = text.plist.xml; path = "0402-ControlFunTests-Info.plist"; sourceTree = "<group>"; };
		BFCB53261A01CC000031493D /* en */ = {isa = PBXFileReference; lastKnownFileType = text.plist.strings; name = en; path = en.lproj/InfoPlist.strings; sourceTree = "<group>"; };
		BFCB53281A01CC000031493D /* _402_ControlFunTests.m */ = {isa = PBXFileReference; lastKnownFileType = sourcecode.c.objc; path = _402_ControlFunTests.m; sourceTree = "<group>"; };
/* End PBXFileReference section */

/* Begin PBXFrameworksBuildPhase section */
		BFCB52F71A01CC000031493D /* Frameworks */ = {
			isa = PBXFrameworksBuildPhase;
			buildActionMask = 2147483647;
			files = (
				BFCB53001A01CC000031493D /* CoreGraphics.framework in Frameworks */,
				BFCB53021A01CC000031493D /* UIKit.framework in Frameworks */,
				BFCB52FE1A01CC000031493D /* Foundation.framework in Frameworks */,
			);
			runOnlyForDeploymentPostprocessing = 0;
		};
		BFCB53181A01CC000031493D /* Frameworks */ = {
			isa = PBXFrameworksBuildPhase;
			buildActionMask = 2147483647;
			files = (
				BFCB531D1A01CC000031493D /* XCTest.framework in Frameworks */,
				BFCB531F1A01CC000031493D /* UIKit.framework in Frameworks */,
				BFCB531E1A01CC000031493D /* Foundation.framework in Frameworks */,
			);
			runOnlyForDeploymentPostprocessing = 0;
		};
/* End PBXFrameworksBuildPhase section */

/* Begin PBXGroup section */
		BFCB52F11A01CC000031493D = {
			isa = PBXGroup;
			children = (
				BFCB53031A01CC000031493D /* 0402-ControlFun */,
				BFCB53221A01CC000031493D /* 0402-ControlFunTests */,
				BFCB52FC1A01CC000031493D /* Frameworks */,
				BFCB52FB1A01CC000031493D /* Products */,
			);
			sourceTree = "<group>";
		};
		BFCB52FB1A01CC000031493D /* Products */ = {
			isa = PBXGroup;
			children = (
				BFCB52FA1A01CC000031493D /* 0402-ControlFun.app */,
				BFCB531B1A01CC000031493D /* 0402-ControlFunTests.xctest */,
			);
			name = Products;
			sourceTree = "<group>";
		};
		BFCB52FC1A01CC000031493D /* Frameworks */ = {
			isa = PBXGroup;
			children = (
				BFCB52FD1A01CC000031493D /* Foundation.framework */,
				BFCB52FF1A01CC000031493D /* CoreGraphics.framework */,
				BFCB53011A01CC000031493D /* UIKit.framework */,
				BFCB531C1A01CC000031493D /* XCTest.framework */,
			);
			name = Frameworks;
			sourceTree = "<group>";
		};
		BFCB53031A01CC000031493D /* 0402-ControlFun */ = {
			isa = PBXGroup;
			children = (
				BFCB530C1A01CC000031493D /* BIDAppDelegate.h */,
				BFCB530D1A01CC000031493D /* BIDAppDelegate.m */,
				BFCB530F1A01CC000031493D /* Main.storyboard */,
				BFCB53121A01CC000031493D /* BIDViewController.h */,
				BFCB53151A01CC000031493D /* Images.xcassets */,
				BFCB53131A01CC000031493D /* BIDViewController.m */,
				BFCB53041A01CC000031493D /* Supporting Files */,
			);
			path = "0402-ControlFun";
			sourceTree = "<group>";
		};
		BFCB53041A01CC000031493D /* Supporting Files */ = {
			isa = PBXGroup;
			children = (
				BFCB53051A01CC000031493D /* 0402-ControlFun-Info.plist */,
				BFCB53061A01CC000031493D /* InfoPlist.strings */,
				BFCB53091A01CC000031493D /* main.m */,
				BFCB530B1A01CC000031493D /* 0402-ControlFun-Prefix.pch */,
			);
			name = "Supporting Files";
			sourceTree = "<group>";
		};
		BFCB53221A01CC000031493D /* 0402-ControlFunTests */ = {
			isa = PBXGroup;
			children = (
				BFCB53281A01CC000031493D /* _402_ControlFunTests.m */,
				BFCB53231A01CC000031493D /* Supporting Files */,
			);
			path = "0402-ControlFunTests";
			sourceTree = "<group>";
		};
		BFCB53231A01CC000031493D /* Supporting Files */ = {
			isa = PBXGroup;
			children = (
				BFCB53241A01CC000031493D /* 0402-ControlFunTests-Info.plist */,
				BFCB53251A01CC000031493D /* InfoPlist.strings */,
			);
			name = "Supporting Files";
			sourceTree = "<group>";
		};
/* End PBXGroup section */

/* Begin PBXNativeTarget section */
		BFCB52F91A01CC000031493D /* 0402-ControlFun */ = {
			isa = PBXNativeTarget;
			buildConfigurationList = BFCB532C1A01CC000031493D /* Build configuration list for PBXNativeTarget "0402-ControlFun" */;
			buildPhases = (
				BFCB52F61A01CC000031493D /* Sources */,
				BFCB52F71A01CC000031493D /* Frameworks */,
				BFCB52F81A01CC000031493D /* Resources */,
			);
			buildRules = (
			);
			dependencies = (
			);
			name = "0402-ControlFun";
			productName = "0402-ControlFun";
			productReference = BFCB52FA1A01CC000031493D /* 0402-ControlFun.app */;
			productType = "com.apple.product-type.application";
		};
		BFCB531A1A01CC000031493D /* 0402-ControlFunTests */ = {
			isa = PBXNativeTarget;
			buildConfigurationList = BFCB532F1A01CC000031493D /* Build configuration list for PBXNativeTarget "0402-ControlFunTests" */;
			buildPhases = (
				BFCB53171A01CC000031493D /* Sources */,
				BFCB53181A01CC000031493D /* Frameworks */,
				BFCB53191A01CC000031493D /* Resources */,
			);
			buildRules = (
			);
			dependencies = (
				BFCB53211A01CC000031493D /* PBXTargetDependency */,
			);
			name = "0402-ControlFunTests";
			productName = "0402-ControlFunTests";
			productReference = BFCB531B1A01CC000031493D /* 0402-ControlFunTests.xctest */;
			productType = "com.apple.product-type.bundle.unit-test";
		};
/* End PBXNativeTarget section */

/* Begin PBXProject section */
		BFCB52F21A01CC000031493D /* Project object */ = {
			isa = PBXProject;
			attributes = {
				CLASSPREFIX = BID;
				LastUpgradeCheck = 0510;
				ORGANIZATIONNAME = "___FULLUSERNAME___";
				TargetAttributes = {
					BFCB531A1A01CC000031493D = {
						TestTargetID = BFCB52F91A01CC000031493D;
					};
				};
			};
			buildConfigurationList = BFCB52F51A01CC000031493D /* Build configuration list for PBXProject "0402-ControlFun" */;
			compatibilityVersion = "Xcode 3.2";
			developmentRegion = English;
			hasScannedForEncodings = 0;
			knownRegions = (
				en,
				Base,
			);
			mainGroup = BFCB52F11A01CC000031493D;
			productRefGroup = BFCB52FB1A01CC000031493D /* Products */;
			projectDirPath = "";
			projectRoot = "";
			targets = (
				BFCB52F91A01CC000031493D /* 0402-ControlFun */,
				BFCB531A1A01CC000031493D /* 0402-ControlFunTests */,
			);
		};
/* End PBXProject section */

/* Begin PBXResourcesBuildPhase section */
		BFCB52F81A01CC000031493D /* Resources */ = {
			isa = PBXResourcesBuildPhase;
			buildActionMask = 2147483647;
			files = (
				BFCB53161A01CC000031493D /* Images.xcassets in Resources */,
				BFCB53081A01CC000031493D /* InfoPlist.strings in Resources */,
				BFCB53111A01CC000031493D /* Main.storyboard in Resources */,
			);
			runOnlyForDeploymentPostprocessing = 0;
		};
		BFCB53191A01CC000031493D /* Resources */ = {
			isa = PBXResourcesBuildPhase;
			buildActionMask = 2147483647;
			files = (
				BFCB53271A01CC000031493D /* InfoPlist.strings in Resources */,
			);
			runOnlyForDeploymentPostprocessing = 0;
		};
/* End PBXResourcesBuildPhase section */

/* Begin PBXSourcesBuildPhase section */
		BFCB52F61A01CC000031493D /* Sources */ = {
			isa = PBXSourcesBuildPhase;
			buildActionMask = 2147483647;
			files = (
				BFCB530E1A01CC000031493D /* BIDAppDelegate.m in Sources */,
				BFCB53141A01CC000031493D /* BIDViewController.m in Sources */,
				BFCB530A1A01CC000031493D /* main.m in Sources */,
			);
			runOnlyForDeploymentPostprocessing = 0;
		};
		BFCB53171A01CC000031493D /* Sources */ = {
			isa = PBXSourcesBuildPhase;
			buildActionMask = 2147483647;
			files = (
				BFCB53291A01CC000031493D /* _402_ControlFunTests.m in Sources */,
			);
			runOnlyForDeploymentPostprocessing = 0;
		};
/* End PBXSourcesBuildPhase section */

/* Begin PBXTargetDependency section */
		BFCB53211A01CC000031493D /* PBXTargetDependency */ = {
			isa = PBXTargetDependency;
			target = BFCB52F91A01CC000031493D /* 0402-ControlFun */;
			targetProxy = BFCB53201A01CC000031493D /* PBXContainerItemProxy */;
		};
/* End PBXTargetDependency section */

/* Begin PBXVariantGroup section */
		BFCB53061A01CC000031493D /* InfoPlist.strings */ = {
			isa = PBXVariantGroup;
			children = (
				BFCB53071A01CC000031493D /* en */,
			);
			name = InfoPlist.strings;
			sourceTree = "<group>";
		};
		BFCB530F1A01CC000031493D /* Main.storyboard */ = {
			isa = PBXVariantGroup;
			children = (
				BFCB53101A01CC000031493D /* Base */,
			);
			name = Main.storyboard;
			sourceTree = "<group>";
		};
		BFCB53251A01CC000031493D /* InfoPlist.strings */ = {
			isa = PBXVariantGroup;
			children = (
				BFCB53261A01CC000031493D /* en */,
			);
			name = InfoPlist.strings;
			sourceTree = "<group>";
		};
/* End PBXVariantGroup section */

/* Begin XCBuildConfiguration section */
		BFCB532A1A01CC000031493D /* Debug */ = {
			isa = XCBuildConfiguration;
			buildSettings = {
				ALWAYS_SEARCH_USER_PATHS = NO;
				CLANG_CXX_LANGUAGE_STANDARD = "gnu++0x";
				CLANG_CXX_LIBRARY = "libc++";
				CLANG_ENABLE_MODULES = YES;
				CLANG_ENABLE_OBJC_ARC = YES;
				CLANG_WARN_BOOL_CONVERSION = YES;
				CLANG_WARN_CONSTANT_CONVERSION = YES;
				CLANG_WARN_DIRECT_OBJC_ISA_USAGE = YES_ERROR;
				CLANG_WARN_EMPTY_BODY = YES;
				CLANG_WARN_ENUM_CONVERSION = YES;
				CLANG_WARN_INT_CONVERSION = YES;
				CLANG_WARN_OBJC_ROOT_CLASS = YES_ERROR;
				CLANG_WARN__DUPLICATE_METHOD_MATCH = YES;
				"CODE_SIGN_IDENTITY[sdk=iphoneos*]" = "iPhone Developer";
				COPY_PHASE_STRIP = NO;
				GCC_C_LANGUAGE_STANDARD = gnu99;
				GCC_DYNAMIC_NO_PIC = NO;
				GCC_OPTIMIZATION_LEVEL = 0;
				GCC_PREPROCESSOR_DEFINITIONS = (
					"DEBUG=1",
					"$(inherited)",
				);
				GCC_SYMBOLS_PRIVATE_EXTERN = NO;
				GCC_WARN_64_TO_32_BIT_CONVERSION = YES;
				GCC_WARN_ABOUT_RETURN_TYPE = YES_ERROR;
				GCC_WARN_UNDECLARED_SELECTOR = YES;
				GCC_WARN_UNINITIALIZED_AUTOS = YES_AGGRESSIVE;
				GCC_WARN_UNUSED_FUNCTION = YES;
				GCC_WARN_UNUSED_VARIABLE = YES;
				IPHONEOS_DEPLOYMENT_TARGET = 7.1;
				ONLY_ACTIVE_ARCH = YES;
				SDKROOT = iphoneos;
			};
			name = Debug;
		};
		BFCB532B1A01CC000031493D /* Release */ = {
			isa = XCBuildConfiguration;
			buildSettings = {
				ALWAYS_SEARCH_USER_PATHS = NO;
				CLANG_CXX_LANGUAGE_STANDARD = "gnu++0x";
				CLANG_CXX_LIBRARY = "libc++";
				CLANG_ENABLE_MODULES = YES;
				CLANG_ENABLE_OBJC_ARC = YES;
				CLANG_WARN_BOOL_CONVERSION = YES;
				CLANG_WARN_CONSTANT_CONVERSION = YES;
				CLANG_WARN_DIRECT_OBJC_ISA_USAGE = YES_ERROR;
				CLANG_WARN_EMPTY_BODY = YES;
				CLANG_WARN_ENUM_CONVERSION = YES;
				CLANG_WARN_INT_CONVERSION = YES;
				CLANG_WARN_OBJC_ROOT_CLASS = YES_ERROR;
				CLANG_WARN__DUPLICATE_METHOD_MATCH = YES;
				"CODE_SIGN_IDENTITY[sdk=iphoneos*]" = "iPhone Developer";
				COPY_PHASE_STRIP = YES;
				ENABLE_NS_ASSERTIONS = NO;
				GCC_C_LANGUAGE_STANDARD = gnu99;
				GCC_WARN_64_TO_32_BIT_CONVERSION = YES;
				GCC_WARN_ABOUT_RETURN_TYPE = YES_ERROR;
				GCC_WARN_UNDECLARED_SELECTOR = YES;
				GCC_WARN_UNINITIALIZED_AUTOS = YES_AGGRESSIVE;
				GCC_WARN_UNUSED_FUNCTION = YES;
				GCC_WARN_UNUSED_VARIABLE = YES;
				IPHONEOS_DEPLOYMENT_TARGET = 7.1;
				SDKROOT = iphoneos;
				VALIDATE_PRODUCT = YES;
			};
			name = Release;
		};
		BFCB532D1A01CC000031493D /* Debug */ = {
			isa = XCBuildConfiguration;
			buildSettings = {
				ASSETCATALOG_COMPILER_APPICON_NAME = AppIcon;
				ASSETCATALOG_COMPILER_LAUNCHIMAGE_NAME = LaunchImage;
				GCC_PRECOMPILE_PREFIX_HEADER = YES;
				GCC_PREFIX_HEADER = "0402-ControlFun/0402-ControlFun-Prefix.pch";
				INFOPLIST_FILE = "0402-ControlFun/0402-ControlFun-Info.plist";
				PRODUCT_NAME = "$(TARGET_NAME)";
				WRAPPER_EXTENSION = app;
			};
			name = Debug;
		};
		BFCB532E1A01CC000031493D /* Release */ = {
			isa = XCBuildConfiguration;
			buildSettings = {
				ASSETCATALOG_COMPILER_APPICON_NAME = AppIcon;
				ASSETCATALOG_COMPILER_LAUNCHIMAGE_NAME = LaunchImage;
				GCC_PRECOMPILE_PREFIX_HEADER = YES;
				GCC_PREFIX_HEADER = "0402-ControlFun/0402-ControlFun-Prefix.pch";
				INFOPLIST_FILE = "0402-ControlFun/0402-ControlFun-Info.plist";
				PRODUCT_NAME = "$(TARGET_NAME)";
				WRAPPER_EXTENSION = app;
			};
			name = Release;
		};
		BFCB53301A01CC000031493D /* Debug */ = {
			isa = XCBuildConfiguration;
			buildSettings = {
				BUNDLE_LOADER = "$(BUILT_PRODUCTS_DIR)/0402-ControlFun.app/0402-ControlFun";
				FRAMEWORK_SEARCH_PATHS = (
					"$(SDKROOT)/Developer/Library/Frameworks",
					"$(inherited)",
					"$(DEVELOPER_FRAMEWORKS_DIR)",
				);
				GCC_PRECOMPILE_PREFIX_HEADER = YES;
				GCC_PREFIX_HEADER = "0402-ControlFun/0402-ControlFun-Prefix.pch";
				GCC_PREPROCESSOR_DEFINITIONS = (
					"DEBUG=1",
					"$(inherited)",
				);
				INFOPLIST_FILE = "0402-ControlFunTests/0402-ControlFunTests-Info.plist";
				PRODUCT_NAME = "$(TARGET_NAME)";
				TEST_HOST = "$(BUNDLE_LOADER)";
				WRAPPER_EXTENSION = xctest;
			};
			name = Debug;
		};
		BFCB53311A01CC000031493D /* Release */ = {
			isa = XCBuildConfiguration;
			buildSettings = {
				BUNDLE_LOADER = "$(BUILT_PRODUCTS_DIR)/0402-ControlFun.app/0402-ControlFun";
				FRAMEWORK_SEARCH_PATHS = (
					"$(SDKROOT)/Developer/Library/Frameworks",
					"$(inherited)",
					"$(DEVELOPER_FRAMEWORKS_DIR)",
				);
				GCC_PRECOMPILE_PREFIX_HEADER = YES;
				GCC_PREFIX_HEADER = "0402-ControlFun/0402-ControlFun-Prefix.pch";
				INFOPLIST_FILE = "0402-ControlFunTests/0402-ControlFunTests-Info.plist";
				PRODUCT_NAME = "$(TARGET_NAME)";
				TEST_HOST = "$(BUNDLE_LOADER)";
				WRAPPER_EXTENSION = xctest;
			};
			name = Release;
		};
/* End XCBuildConfiguration section */

/* Begin XCConfigurationList section */
		BFCB52F51A01CC000031493D /* Build configuration list for PBXProject "0402-ControlFun" */ = {
			isa = XCConfigurationList;
			buildConfigurations = (
				BFCB532A1A01CC000031493D /* Debug */,
				BFCB532B1A01CC000031493D /* Release */,
			);
			defaultConfigurationIsVisible = 0;
			defaultConfigurationName = Release;
		};
		BFCB532C1A01CC000031493D /* Build configuration list for PBXNativeTarget "0402-ControlFun" */ = {
			isa = XCConfigurationList;
			buildConfigurations = (
				BFCB532D1A01CC000031493D /* Debug */,
				BFCB532E1A01CC000031493D /* Release */,
			);
			defaultConfigurationIsVisible = 0;
			defaultConfigurationName = Release;
		};
		BFCB532F1A01CC000031493D /* Build configuration list for PBXNativeTarget "0402-ControlFunTests" */ = {
			isa = XCConfigurationList;
			buildConfigurations = (
				BFCB53301A01CC000031493D /* Debug */,
				BFCB53311A01CC000031493D /* Release */,
			);
			defaultConfigurationIsVisible = 0;
			defaultConfigurationName = Release;
		};
/* End XCConfigurationList section */
	};
	rootObject = BFCB52F21A01CC000031493D /* Project object */;
}
