// !$*UTF8*$!
{
	archiveVersion = 1;
	classes = {
	};
	objectVersion = 46;
	objects = {

/* Begin PBXBuildFile section */
		BFBAA2CF19FCC96C0037DB1B /* Foundation.framework in Frameworks */ = {isa = PBXBuildFile; fileRef = BFBAA2CE19FCC96C0037DB1B /* Foundation.framework */; };
		BFBAA2D119FCC96C0037DB1B /* CoreGraphics.framework in Frameworks */ = {isa = PBXBuildFile; fileRef = BFBAA2D019FCC96C0037DB1B /* CoreGraphics.framework */; };
		BFBAA2D319FCC96C0037DB1B /* UIKit.framework in Frameworks */ = {isa = PBXBuildFile; fileRef = BFBAA2D219FCC96C0037DB1B /* UIKit.framework */; };
		BFBAA2D919FCC96C0037DB1B /* InfoPlist.strings in Resources */ = {isa = PBXBuildFile; fileRef = BFBAA2D719FCC96C0037DB1B /* InfoPlist.strings */; };
		BFBAA2DB19FCC96C0037DB1B /* main.m in Sources */ = {isa = PBXBuildFile; fileRef = BFBAA2DA19FCC96C0037DB1B /* main.m */; };
		BFBAA2DF19FCC96C0037DB1B /* BIDAppDelegate.m in Sources */ = {isa = PBXBuildFile; fileRef = BFBAA2DE19FCC96C0037DB1B /* BIDAppDelegate.m */; };
		BFBAA2E219FCC96C0037DB1B /* Main.storyboard in Resources */ = {isa = PBXBuildFile; fileRef = BFBAA2E019FCC96C0037DB1B /* Main.storyboard */; };
		BFBAA2E519FCC96C0037DB1B /* BIDViewController.m in Sources */ = {isa = PBXBuildFile; fileRef = BFBAA2E419FCC96C0037DB1B /* BIDViewController.m */; };
		BFBAA2E719FCC96C0037DB1B /* Images.xcassets in Resources */ = {isa = PBXBuildFile; fileRef = BFBAA2E619FCC96C0037DB1B /* Images.xcassets */; };
		BFBAA2EE19FCC96C0037DB1B /* XCTest.framework in Frameworks */ = {isa = PBXBuildFile; fileRef = BFBAA2ED19FCC96C0037DB1B /* XCTest.framework */; };
		BFBAA2EF19FCC96C0037DB1B /* Foundation.framework in Frameworks */ = {isa = PBXBuildFile; fileRef = BFBAA2CE19FCC96C0037DB1B /* Foundation.framework */; };
		BFBAA2F019FCC96C0037DB1B /* UIKit.framework in Frameworks */ = {isa = PBXBuildFile; fileRef = BFBAA2D219FCC96C0037DB1B /* UIKit.framework */; };
		BFBAA2F819FCC96C0037DB1B /* InfoPlist.strings in Resources */ = {isa = PBXBuildFile; fileRef = BFBAA2F619FCC96C0037DB1B /* InfoPlist.strings */; };
		BFBAA2FA19FCC96C0037DB1B /* _301_Button_FunTests.m in Sources */ = {isa = PBXBuildFile; fileRef = BFBAA2F919FCC96C0037DB1B /* _301_Button_FunTests.m */; };
/* End PBXBuildFile section */

/* Begin PBXContainerItemProxy section */
		BFBAA2F119FCC96C0037DB1B /* PBXContainerItemProxy */ = {
			isa = PBXContainerItemProxy;
			containerPortal = BFBAA2C319FCC96C0037DB1B /* Project object */;
			proxyType = 1;
			remoteGlobalIDString = BFBAA2CA19FCC96C0037DB1B;
			remoteInfo = "0301-Button Fun";
		};
/* End PBXContainerItemProxy section */

/* Begin PBXFileReference section */
		BFBAA2CB19FCC96C0037DB1B /* 0301-Button Fun.app */ = {isa = PBXFileReference; explicitFileType = wrapper.application; includeInIndex = 0; path = "0301-Button Fun.app"; sourceTree = BUILT_PRODUCTS_DIR; };
		BFBAA2CE19FCC96C0037DB1B /* Foundation.framework */ = {isa = PBXFileReference; lastKnownFileType = wrapper.framework; name = Foundation.framework; path = System/Library/Frameworks/Foundation.framework; sourceTree = SDKROOT; };
		BFBAA2D019FCC96C0037DB1B /* CoreGraphics.framework */ = {isa = PBXFileReference; lastKnownFileType = wrapper.framework; name = CoreGraphics.framework; path = System/Library/Frameworks/CoreGraphics.framework; sourceTree = SDKROOT; };
		BFBAA2D219FCC96C0037DB1B /* UIKit.framework */ = {isa = PBXFileReference; lastKnownFileType = wrapper.framework; name = UIKit.framework; path = System/Library/Frameworks/UIKit.framework; sourceTree = SDKROOT; };
		BFBAA2D619FCC96C0037DB1B /* 0301-Button Fun-Info.plist */ = {isa = PBXFileReference; lastKnownFileType = text.plist.xml; path = "0301-Button Fun-Info.plist"; sourceTree = "<group>"; };
		BFBAA2D819FCC96C0037DB1B /* en */ = {isa = PBXFileReference; lastKnownFileType = text.plist.strings; name = en; path = en.lproj/InfoPlist.strings; sourceTree = "<group>"; };
		BFBAA2DA19FCC96C0037DB1B /* main.m */ = {isa = PBXFileReference; lastKnownFileType = sourcecode.c.objc; path = main.m; sourceTree = "<group>"; };
		BFBAA2DC19FCC96C0037DB1B /* 0301-Button Fun-Prefix.pch */ = {isa = PBXFileReference; lastKnownFileType = sourcecode.c.h; path = "0301-Button Fun-Prefix.pch"; sourceTree = "<group>"; };
		BFBAA2DD19FCC96C0037DB1B /* BIDAppDelegate.h */ = {isa = PBXFileReference; lastKnownFileType = sourcecode.c.h; path = BIDAppDelegate.h; sourceTree = "<group>"; };
		BFBAA2DE19FCC96C0037DB1B /* BIDAppDelegate.m */ = {isa = PBXFileReference; lastKnownFileType = sourcecode.c.objc; path = BIDAppDelegate.m; sourceTree = "<group>"; };
		BFBAA2E119FCC96C0037DB1B /* Base */ = {isa = PBXFileReference; lastKnownFileType = file.storyboard; name = Base; path = Base.lproj/Main.storyboard; sourceTree = "<group>"; };
		BFBAA2E319FCC96C0037DB1B /* BIDViewController.h */ = {isa = PBXFileReference; lastKnownFileType = sourcecode.c.h; path = BIDViewController.h; sourceTree = "<group>"; };
		BFBAA2E419FCC96C0037DB1B /* BIDViewController.m */ = {isa = PBXFileReference; lastKnownFileType = sourcecode.c.objc; path = BIDViewController.m; sourceTree = "<group>"; };
		BFBAA2E619FCC96C0037DB1B /* Images.xcassets */ = {isa = PBXFileReference; lastKnownFileType = folder.assetcatalog; path = Images.xcassets; sourceTree = "<group>"; };
		BFBAA2EC19FCC96C0037DB1B /* 0301-Button FunTests.xctest */ = {isa = PBXFileReference; explicitFileType = wrapper.cfbundle; includeInIndex = 0; path = "0301-Button FunTests.xctest"; sourceTree = BUILT_PRODUCTS_DIR; };
		BFBAA2ED19FCC96C0037DB1B /* XCTest.framework */ = {isa = PBXFileReference; lastKnownFileType = wrapper.framework; name = XCTest.framework; path = Library/Frameworks/XCTest.framework; sourceTree = DEVELOPER_DIR; };
		BFBAA2F519FCC96C0037DB1B /* 0301-Button FunTests-Info.plist */ = {isa = PBXFileReference; lastKnownFileType = text.plist.xml; path = "0301-Button FunTests-Info.plist"; sourceTree = "<group>"; };
		BFBAA2F719FCC96C0037DB1B /* en */ = {isa = PBXFileReference; lastKnownFileType = text.plist.strings; name = en; path = en.lproj/InfoPlist.strings; sourceTree = "<group>"; };
		BFBAA2F919FCC96C0037DB1B /* _301_Button_FunTests.m */ = {isa = PBXFileReference; lastKnownFileType = sourcecode.c.objc; path = _301_Button_FunTests.m; sourceTree = "<group>"; };
/* End PBXFileReference section */

/* Begin PBXFrameworksBuildPhase section */
		BFBAA2C819FCC96C0037DB1B /* Frameworks */ = {
			isa = PBXFrameworksBuildPhase;
			buildActionMask = 2147483647;
			files = (
				BFBAA2D119FCC96C0037DB1B /* CoreGraphics.framework in Frameworks */,
				BFBAA2D319FCC96C0037DB1B /* UIKit.framework in Frameworks */,
				BFBAA2CF19FCC96C0037DB1B /* Foundation.framework in Frameworks */,
			);
			runOnlyForDeploymentPostprocessing = 0;
		};
		BFBAA2E919FCC96C0037DB1B /* Frameworks */ = {
			isa = PBXFrameworksBuildPhase;
			buildActionMask = 2147483647;
			files = (
				BFBAA2EE19FCC96C0037DB1B /* XCTest.framework in Frameworks */,
				BFBAA2F019FCC96C0037DB1B /* UIKit.framework in Frameworks */,
				BFBAA2EF19FCC96C0037DB1B /* Foundation.framework in Frameworks */,
			);
			runOnlyForDeploymentPostprocessing = 0;
		};
/* End PBXFrameworksBuildPhase section */

/* Begin PBXGroup section */
		BFBAA2C219FCC96C0037DB1B = {
			isa = PBXGroup;
			children = (
				BFBAA2D419FCC96C0037DB1B /* 0301-Button Fun */,
				BFBAA2F319FCC96C0037DB1B /* 0301-Button FunTests */,
				BFBAA2CD19FCC96C0037DB1B /* Frameworks */,
				BFBAA2CC19FCC96C0037DB1B /* Products */,
			);
			sourceTree = "<group>";
		};
		BFBAA2CC19FCC96C0037DB1B /* Products */ = {
			isa = PBXGroup;
			children = (
				BFBAA2CB19FCC96C0037DB1B /* 0301-Button Fun.app */,
				BFBAA2EC19FCC96C0037DB1B /* 0301-Button FunTests.xctest */,
			);
			name = Products;
			sourceTree = "<group>";
		};
		BFBAA2CD19FCC96C0037DB1B /* Frameworks */ = {
			isa = PBXGroup;
			children = (
				BFBAA2CE19FCC96C0037DB1B /* Foundation.framework */,
				BFBAA2D019FCC96C0037DB1B /* CoreGraphics.framework */,
				BFBAA2D219FCC96C0037DB1B /* UIKit.framework */,
				BFBAA2ED19FCC96C0037DB1B /* XCTest.framework */,
			);
			name = Frameworks;
			sourceTree = "<group>";
		};
		BFBAA2D419FCC96C0037DB1B /* 0301-Button Fun */ = {
			isa = PBXGroup;
			children = (
				BFBAA2DD19FCC96C0037DB1B /* BIDAppDelegate.h */,
				BFBAA2DE19FCC96C0037DB1B /* BIDAppDelegate.m */,
				BFBAA2E019FCC96C0037DB1B /* Main.storyboard */,
				BFBAA2E319FCC96C0037DB1B /* BIDViewController.h */,
				BFBAA2E419FCC96C0037DB1B /* BIDViewController.m */,
				BFBAA2E619FCC96C0037DB1B /* Images.xcassets */,
				BFBAA2D519FCC96C0037DB1B /* Supporting Files */,
			);
			path = "0301-Button Fun";
			sourceTree = "<group>";
		};
		BFBAA2D519FCC96C0037DB1B /* Supporting Files */ = {
			isa = PBXGroup;
			children = (
				BFBAA2D619FCC96C0037DB1B /* 0301-Button Fun-Info.plist */,
				BFBAA2D719FCC96C0037DB1B /* InfoPlist.strings */,
				BFBAA2DA19FCC96C0037DB1B /* main.m */,
				BFBAA2DC19FCC96C0037DB1B /* 0301-Button Fun-Prefix.pch */,
			);
			name = "Supporting Files";
			sourceTree = "<group>";
		};
		BFBAA2F319FCC96C0037DB1B /* 0301-Button FunTests */ = {
			isa = PBXGroup;
			children = (
				BFBAA2F919FCC96C0037DB1B /* _301_Button_FunTests.m */,
				BFBAA2F419FCC96C0037DB1B /* Supporting Files */,
			);
			path = "0301-Button FunTests";
			sourceTree = "<group>";
		};
		BFBAA2F419FCC96C0037DB1B /* Supporting Files */ = {
			isa = PBXGroup;
			children = (
				BFBAA2F519FCC96C0037DB1B /* 0301-Button FunTests-Info.plist */,
				BFBAA2F619FCC96C0037DB1B /* InfoPlist.strings */,
			);
			name = "Supporting Files";
			sourceTree = "<group>";
		};
/* End PBXGroup section */

/* Begin PBXNativeTarget section */
		BFBAA2CA19FCC96C0037DB1B /* 0301-Button Fun */ = {
			isa = PBXNativeTarget;
			buildConfigurationList = BFBAA2FD19FCC96D0037DB1B /* Build configuration list for PBXNativeTarget "0301-Button Fun" */;
			buildPhases = (
				BFBAA2C719FCC96C0037DB1B /* Sources */,
				BFBAA2C819FCC96C0037DB1B /* Frameworks */,
				BFBAA2C919FCC96C0037DB1B /* Resources */,
			);
			buildRules = (
			);
			dependencies = (
			);
			name = "0301-Button Fun";
			productName = "0301-Button Fun";
			productReference = BFBAA2CB19FCC96C0037DB1B /* 0301-Button Fun.app */;
			productType = "com.apple.product-type.application";
		};
		BFBAA2EB19FCC96C0037DB1B /* 0301-Button FunTests */ = {
			isa = PBXNativeTarget;
			buildConfigurationList = BFBAA30019FCC96D0037DB1B /* Build configuration list for PBXNativeTarget "0301-Button FunTests" */;
			buildPhases = (
				BFBAA2E819FCC96C0037DB1B /* Sources */,
				BFBAA2E919FCC96C0037DB1B /* Frameworks */,
				BFBAA2EA19FCC96C0037DB1B /* Resources */,
			);
			buildRules = (
			);
			dependencies = (
				BFBAA2F219FCC96C0037DB1B /* PBXTargetDependency */,
			);
			name = "0301-Button FunTests";
			productName = "0301-Button FunTests";
			productReference = BFBAA2EC19FCC96C0037DB1B /* 0301-Button FunTests.xctest */;
			productType = "com.apple.product-type.bundle.unit-test";
		};
/* End PBXNativeTarget section */

/* Begin PBXProject section */
		BFBAA2C319FCC96C0037DB1B /* Project object */ = {
			isa = PBXProject;
			attributes = {
				CLASSPREFIX = BID;
				LastUpgradeCheck = 0510;
				ORGANIZATIONNAME = "___FULLUSERNAME___";
				TargetAttributes = {
					BFBAA2EB19FCC96C0037DB1B = {
						TestTargetID = BFBAA2CA19FCC96C0037DB1B;
					};
				};
			};
			buildConfigurationList = BFBAA2C619FCC96C0037DB1B /* Build configuration list for PBXProject "0301-Button Fun" */;
			compatibilityVersion = "Xcode 3.2";
			developmentRegion = English;
			hasScannedForEncodings = 0;
			knownRegions = (
				en,
				Base,
			);
			mainGroup = BFBAA2C219FCC96C0037DB1B;
			productRefGroup = BFBAA2CC19FCC96C0037DB1B /* Products */;
			projectDirPath = "";
			projectRoot = "";
			targets = (
				BFBAA2CA19FCC96C0037DB1B /* 0301-Button Fun */,
				BFBAA2EB19FCC96C0037DB1B /* 0301-Button FunTests */,
			);
		};
/* End PBXProject section */

/* Begin PBXResourcesBuildPhase section */
		BFBAA2C919FCC96C0037DB1B /* Resources */ = {
			isa = PBXResourcesBuildPhase;
			buildActionMask = 2147483647;
			files = (
				BFBAA2E719FCC96C0037DB1B /* Images.xcassets in Resources */,
				BFBAA2D919FCC96C0037DB1B /* InfoPlist.strings in Resources */,
				BFBAA2E219FCC96C0037DB1B /* Main.storyboard in Resources */,
			);
			runOnlyForDeploymentPostprocessing = 0;
		};
		BFBAA2EA19FCC96C0037DB1B /* Resources */ = {
			isa = PBXResourcesBuildPhase;
			buildActionMask = 2147483647;
			files = (
				BFBAA2F819FCC96C0037DB1B /* InfoPlist.strings in Resources */,
			);
			runOnlyForDeploymentPostprocessing = 0;
		};
/* End PBXResourcesBuildPhase section */

/* Begin PBXSourcesBuildPhase section */
		BFBAA2C719FCC96C0037DB1B /* Sources */ = {
			isa = PBXSourcesBuildPhase;
			buildActionMask = 2147483647;
			files = (
				BFBAA2DF19FCC96C0037DB1B /* BIDAppDelegate.m in Sources */,
				BFBAA2E519FCC96C0037DB1B /* BIDViewController.m in Sources */,
				BFBAA2DB19FCC96C0037DB1B /* main.m in Sources */,
			);
			runOnlyForDeploymentPostprocessing = 0;
		};
		BFBAA2E819FCC96C0037DB1B /* Sources */ = {
			isa = PBXSourcesBuildPhase;
			buildActionMask = 2147483647;
			files = (
				BFBAA2FA19FCC96C0037DB1B /* _301_Button_FunTests.m in Sources */,
			);
			runOnlyForDeploymentPostprocessing = 0;
		};
/* End PBXSourcesBuildPhase section */

/* Begin PBXTargetDependency section */
		BFBAA2F219FCC96C0037DB1B /* PBXTargetDependency */ = {
			isa = PBXTargetDependency;
			target = BFBAA2CA19FCC96C0037DB1B /* 0301-Button Fun */;
			targetProxy = BFBAA2F119FCC96C0037DB1B /* PBXContainerItemProxy */;
		};
/* End PBXTargetDependency section */

/* Begin PBXVariantGroup section */
		BFBAA2D719FCC96C0037DB1B /* InfoPlist.strings */ = {
			isa = PBXVariantGroup;
			children = (
				BFBAA2D819FCC96C0037DB1B /* en */,
			);
			name = InfoPlist.strings;
			sourceTree = "<group>";
		};
		BFBAA2E019FCC96C0037DB1B /* Main.storyboard */ = {
			isa = PBXVariantGroup;
			children = (
				BFBAA2E119FCC96C0037DB1B /* Base */,
			);
			name = Main.storyboard;
			sourceTree = "<group>";
		};
		BFBAA2F619FCC96C0037DB1B /* InfoPlist.strings */ = {
			isa = PBXVariantGroup;
			children = (
				BFBAA2F719FCC96C0037DB1B /* en */,
			);
			name = InfoPlist.strings;
			sourceTree = "<group>";
		};
/* End PBXVariantGroup section */

/* Begin XCBuildConfiguration section */
		BFBAA2FB19FCC96D0037DB1B /* Debug */ = {
			isa = XCBuildConfiguration;
			buildSettings = {
				ALWAYS_SEARCH_USER_PATHS = NO;
				CLANG_CXX_LANGUAGE_STANDARD = "gnu++0x";
				CLANG_CXX_LIBRARY = "libc++";
				CLANG_ENABLE_MODULES = YES;
				CLANG_ENABLE_OBJC_ARC = YES;
				CLANG_WARN_BOOL_CONVERSION = YES;
				CLANG_WARN_CONSTANT_CONVERSION = YES;
				CLANG_WARN_DIRECT_OBJC_ISA_USAGE = YES_ERROR;
				CLANG_WARN_EMPTY_BODY = YES;
				CLANG_WARN_ENUM_CONVERSION = YES;
				CLANG_WARN_INT_CONVERSION = YES;
				CLANG_WARN_OBJC_ROOT_CLASS = YES_ERROR;
				CLANG_WARN__DUPLICATE_METHOD_MATCH = YES;
				"CODE_SIGN_IDENTITY[sdk=iphoneos*]" = "iPhone Developer";
				COPY_PHASE_STRIP = NO;
				GCC_C_LANGUAGE_STANDARD = gnu99;
				GCC_DYNAMIC_NO_PIC = NO;
				GCC_OPTIMIZATION_LEVEL = 0;
				GCC_PREPROCESSOR_DEFINITIONS = (
					"DEBUG=1",
					"$(inherited)",
				);
				GCC_SYMBOLS_PRIVATE_EXTERN = NO;
				GCC_WARN_64_TO_32_BIT_CONVERSION = YES;
				GCC_WARN_ABOUT_RETURN_TYPE = YES_ERROR;
				GCC_WARN_UNDECLARED_SELECTOR = YES;
				GCC_WARN_UNINITIALIZED_AUTOS = YES_AGGRESSIVE;
				GCC_WARN_UNUSED_FUNCTION = YES;
				GCC_WARN_UNUSED_VARIABLE = YES;
				IPHONEOS_DEPLOYMENT_TARGET = 7.1;
				ONLY_ACTIVE_ARCH = YES;
				SDKROOT = iphoneos;
			};
			name = Debug;
		};
		BFBAA2FC19FCC96D0037DB1B /* Release */ = {
			isa = XCBuildConfiguration;
			buildSettings = {
				ALWAYS_SEARCH_USER_PATHS = NO;
				CLANG_CXX_LANGUAGE_STANDARD = "gnu++0x";
				CLANG_CXX_LIBRARY = "libc++";
				CLANG_ENABLE_MODULES = YES;
				CLANG_ENABLE_OBJC_ARC = YES;
				CLANG_WARN_BOOL_CONVERSION = YES;
				CLANG_WARN_CONSTANT_CONVERSION = YES;
				CLANG_WARN_DIRECT_OBJC_ISA_USAGE = YES_ERROR;
				CLANG_WARN_EMPTY_BODY = YES;
				CLANG_WARN_ENUM_CONVERSION = YES;
				CLANG_WARN_INT_CONVERSION = YES;
				CLANG_WARN_OBJC_ROOT_CLASS = YES_ERROR;
				CLANG_WARN__DUPLICATE_METHOD_MATCH = YES;
				"CODE_SIGN_IDENTITY[sdk=iphoneos*]" = "iPhone Developer";
				COPY_PHASE_STRIP = YES;
				ENABLE_NS_ASSERTIONS = NO;
				GCC_C_LANGUAGE_STANDARD = gnu99;
				GCC_WARN_64_TO_32_BIT_CONVERSION = YES;
				GCC_WARN_ABOUT_RETURN_TYPE = YES_ERROR;
				GCC_WARN_UNDECLARED_SELECTOR = YES;
				GCC_WARN_UNINITIALIZED_AUTOS = YES_AGGRESSIVE;
				GCC_WARN_UNUSED_FUNCTION = YES;
				GCC_WARN_UNUSED_VARIABLE = YES;
				IPHONEOS_DEPLOYMENT_TARGET = 7.1;
				SDKROOT = iphoneos;
				VALIDATE_PRODUCT = YES;
			};
			name = Release;
		};
		BFBAA2FE19FCC96D0037DB1B /* Debug */ = {
			isa = XCBuildConfiguration;
			buildSettings = {
				ASSETCATALOG_COMPILER_APPICON_NAME = AppIcon;
				ASSETCATALOG_COMPILER_LAUNCHIMAGE_NAME = LaunchImage;
				GCC_PRECOMPILE_PREFIX_HEADER = YES;
				GCC_PREFIX_HEADER = "0301-Button Fun/0301-Button Fun-Prefix.pch";
				INFOPLIST_FILE = "0301-Button Fun/0301-Button Fun-Info.plist";
				PRODUCT_NAME = "$(TARGET_NAME)";
				WRAPPER_EXTENSION = app;
			};
			name = Debug;
		};
		BFBAA2FF19FCC96D0037DB1B /* Release */ = {
			isa = XCBuildConfiguration;
			buildSettings = {
				ASSETCATALOG_COMPILER_APPICON_NAME = AppIcon;
				ASSETCATALOG_COMPILER_LAUNCHIMAGE_NAME = LaunchImage;
				GCC_PRECOMPILE_PREFIX_HEADER = YES;
				GCC_PREFIX_HEADER = "0301-Button Fun/0301-Button Fun-Prefix.pch";
				INFOPLIST_FILE = "0301-Button Fun/0301-Button Fun-Info.plist";
				PRODUCT_NAME = "$(TARGET_NAME)";
				WRAPPER_EXTENSION = app;
			};
			name = Release;
		};
		BFBAA30119FCC96D0037DB1B /* Debug */ = {
			isa = XCBuildConfiguration;
			buildSettings = {
				BUNDLE_LOADER = "$(BUILT_PRODUCTS_DIR)/0301-Button Fun.app/0301-Button Fun";
				FRAMEWORK_SEARCH_PATHS = (
					"$(SDKROOT)/Developer/Library/Frameworks",
					"$(inherited)",
					"$(DEVELOPER_FRAMEWORKS_DIR)",
				);
				GCC_PRECOMPILE_PREFIX_HEADER = YES;
				GCC_PREFIX_HEADER = "0301-Button Fun/0301-Button Fun-Prefix.pch";
				GCC_PREPROCESSOR_DEFINITIONS = (
					"DEBUG=1",
					"$(inherited)",
				);
				INFOPLIST_FILE = "0301-Button FunTests/0301-Button FunTests-Info.plist";
				PRODUCT_NAME = "$(TARGET_NAME)";
				TEST_HOST = "$(BUNDLE_LOADER)";
				WRAPPER_EXTENSION = xctest;
			};
			name = Debug;
		};
		BFBAA30219FCC96D0037DB1B /* Release */ = {
			isa = XCBuildConfiguration;
			buildSettings = {
				BUNDLE_LOADER = "$(BUILT_PRODUCTS_DIR)/0301-Button Fun.app/0301-Button Fun";
				FRAMEWORK_SEARCH_PATHS = (
					"$(SDKROOT)/Developer/Library/Frameworks",
					"$(inherited)",
					"$(DEVELOPER_FRAMEWORKS_DIR)",
				);
				GCC_PRECOMPILE_PREFIX_HEADER = YES;
				GCC_PREFIX_HEADER = "0301-Button Fun/0301-Button Fun-Prefix.pch";
				INFOPLIST_FILE = "0301-Button FunTests/0301-Button FunTests-Info.plist";
				PRODUCT_NAME = "$(TARGET_NAME)";
				TEST_HOST = "$(BUNDLE_LOADER)";
				WRAPPER_EXTENSION = xctest;
			};
			name = Release;
		};
/* End XCBuildConfiguration section */

/* Begin XCConfigurationList section */
		BFBAA2C619FCC96C0037DB1B /* Build configuration list for PBXProject "0301-Button Fun" */ = {
			isa = XCConfigurationList;
			buildConfigurations = (
				BFBAA2FB19FCC96D0037DB1B /* Debug */,
				BFBAA2FC19FCC96D0037DB1B /* Release */,
			);
			defaultConfigurationIsVisible = 0;
			defaultConfigurationName = Release;
		};
		BFBAA2FD19FCC96D0037DB1B /* Build configuration list for PBXNativeTarget "0301-Button Fun" */ = {
			isa = XCConfigurationList;
			buildConfigurations = (
				BFBAA2FE19FCC96D0037DB1B /* Debug */,
				BFBAA2FF19FCC96D0037DB1B /* Release */,
			);
			defaultConfigurationIsVisible = 0;
		};
		BFBAA30019FCC96D0037DB1B /* Build configuration list for PBXNativeTarget "0301-Button FunTests" */ = {
			isa = XCConfigurationList;
			buildConfigurations = (
				BFBAA30119FCC96D0037DB1B /* Debug */,
				BFBAA30219FCC96D0037DB1B /* Release */,
			);
			defaultConfigurationIsVisible = 0;
		};
/* End XCConfigurationList section */
	};
	rootObject = BFBAA2C319FCC96C0037DB1B /* Project object */;
}
