// !$*UTF8*$!
{
	archiveVersion = 1;
	classes = {
	};
	objectVersion = 46;
	objects = {

/* Begin PBXBuildFile section */
		BFBA15C11A03711700B00D43 /* Foundation.framework in Frameworks */ = {isa = PBXBuildFile; fileRef = BFBA15C01A03711700B00D43 /* Foundation.framework */; };
		BFBA15C31A03711700B00D43 /* CoreGraphics.framework in Frameworks */ = {isa = PBXBuildFile; fileRef = BFBA15C21A03711700B00D43 /* CoreGraphics.framework */; };
		BFBA15C51A03711700B00D43 /* UIKit.framework in Frameworks */ = {isa = PBXBuildFile; fileRef = BFBA15C41A03711700B00D43 /* UIKit.framework */; };
		BFBA15CB1A03711700B00D43 /* InfoPlist.strings in Resources */ = {isa = PBXBuildFile; fileRef = BFBA15C91A03711700B00D43 /* InfoPlist.strings */; };
		BFBA15CD1A03711700B00D43 /* main.m in Sources */ = {isa = PBXBuildFile; fileRef = BFBA15CC1A03711700B00D43 /* main.m */; };
		BFBA15D11A03711700B00D43 /* BIDAppDelegate.m in Sources */ = {isa = PBXBuildFile; fileRef = BFBA15D01A03711700B00D43 /* BIDAppDelegate.m */; };
		BFBA15D41A03711700B00D43 /* Main.storyboard in Resources */ = {isa = PBXBuildFile; fileRef = BFBA15D21A03711700B00D43 /* Main.storyboard */; };
		BFBA15D71A03711700B00D43 /* BIDViewController.m in Sources */ = {isa = PBXBuildFile; fileRef = BFBA15D61A03711700B00D43 /* BIDViewController.m */; };
		BFBA15D91A03711700B00D43 /* Images.xcassets in Resources */ = {isa = PBXBuildFile; fileRef = BFBA15D81A03711700B00D43 /* Images.xcassets */; };
		BFBA15E01A03711700B00D43 /* XCTest.framework in Frameworks */ = {isa = PBXBuildFile; fileRef = BFBA15DF1A03711700B00D43 /* XCTest.framework */; };
		BFBA15E11A03711700B00D43 /* Foundation.framework in Frameworks */ = {isa = PBXBuildFile; fileRef = BFBA15C01A03711700B00D43 /* Foundation.framework */; };
		BFBA15E21A03711700B00D43 /* UIKit.framework in Frameworks */ = {isa = PBXBuildFile; fileRef = BFBA15C41A03711700B00D43 /* UIKit.framework */; };
		BFBA15EA1A03711700B00D43 /* InfoPlist.strings in Resources */ = {isa = PBXBuildFile; fileRef = BFBA15E81A03711700B00D43 /* InfoPlist.strings */; };
		BFBA15EC1A03711700B00D43 /* _501_OrientationsTests.m in Sources */ = {isa = PBXBuildFile; fileRef = BFBA15EB1A03711700B00D43 /* _501_OrientationsTests.m */; };
/* End PBXBuildFile section */

/* Begin PBXContainerItemProxy section */
		BFBA15E31A03711700B00D43 /* PBXContainerItemProxy */ = {
			isa = PBXContainerItemProxy;
			containerPortal = BFBA15B51A03711700B00D43 /* Project object */;
			proxyType = 1;
			remoteGlobalIDString = BFBA15BC1A03711700B00D43;
			remoteInfo = "0501-Orientations";
		};
/* End PBXContainerItemProxy section */

/* Begin PBXFileReference section */
		BFBA15BD1A03711700B00D43 /* 0501-Orientations.app */ = {isa = PBXFileReference; explicitFileType = wrapper.application; includeInIndex = 0; path = "0501-Orientations.app"; sourceTree = BUILT_PRODUCTS_DIR; };
		BFBA15C01A03711700B00D43 /* Foundation.framework */ = {isa = PBXFileReference; lastKnownFileType = wrapper.framework; name = Foundation.framework; path = System/Library/Frameworks/Foundation.framework; sourceTree = SDKROOT; };
		BFBA15C21A03711700B00D43 /* CoreGraphics.framework */ = {isa = PBXFileReference; lastKnownFileType = wrapper.framework; name = CoreGraphics.framework; path = System/Library/Frameworks/CoreGraphics.framework; sourceTree = SDKROOT; };
		BFBA15C41A03711700B00D43 /* UIKit.framework */ = {isa = PBXFileReference; lastKnownFileType = wrapper.framework; name = UIKit.framework; path = System/Library/Frameworks/UIKit.framework; sourceTree = SDKROOT; };
		BFBA15C81A03711700B00D43 /* 0501-Orientations-Info.plist */ = {isa = PBXFileReference; lastKnownFileType = text.plist.xml; path = "0501-Orientations-Info.plist"; sourceTree = "<group>"; };
		BFBA15CA1A03711700B00D43 /* en */ = {isa = PBXFileReference; lastKnownFileType = text.plist.strings; name = en; path = en.lproj/InfoPlist.strings; sourceTree = "<group>"; };
		BFBA15CC1A03711700B00D43 /* main.m */ = {isa = PBXFileReference; lastKnownFileType = sourcecode.c.objc; path = main.m; sourceTree = "<group>"; };
		BFBA15CE1A03711700B00D43 /* 0501-Orientations-Prefix.pch */ = {isa = PBXFileReference; lastKnownFileType = sourcecode.c.h; path = "0501-Orientations-Prefix.pch"; sourceTree = "<group>"; };
		BFBA15CF1A03711700B00D43 /* BIDAppDelegate.h */ = {isa = PBXFileReference; lastKnownFileType = sourcecode.c.h; path = BIDAppDelegate.h; sourceTree = "<group>"; };
		BFBA15D01A03711700B00D43 /* BIDAppDelegate.m */ = {isa = PBXFileReference; lastKnownFileType = sourcecode.c.objc; path = BIDAppDelegate.m; sourceTree = "<group>"; };
		BFBA15D31A03711700B00D43 /* Base */ = {isa = PBXFileReference; lastKnownFileType = file.storyboard; name = Base; path = Base.lproj/Main.storyboard; sourceTree = "<group>"; };
		BFBA15D51A03711700B00D43 /* BIDViewController.h */ = {isa = PBXFileReference; lastKnownFileType = sourcecode.c.h; path = BIDViewController.h; sourceTree = "<group>"; };
		BFBA15D61A03711700B00D43 /* BIDViewController.m */ = {isa = PBXFileReference; lastKnownFileType = sourcecode.c.objc; path = BIDViewController.m; sourceTree = "<group>"; };
		BFBA15D81A03711700B00D43 /* Images.xcassets */ = {isa = PBXFileReference; lastKnownFileType = folder.assetcatalog; path = Images.xcassets; sourceTree = "<group>"; };
		BFBA15DE1A03711700B00D43 /* 0501-OrientationsTests.xctest */ = {isa = PBXFileReference; explicitFileType = wrapper.cfbundle; includeInIndex = 0; path = "0501-OrientationsTests.xctest"; sourceTree = BUILT_PRODUCTS_DIR; };
		BFBA15DF1A03711700B00D43 /* XCTest.framework */ = {isa = PBXFileReference; lastKnownFileType = wrapper.framework; name = XCTest.framework; path = Library/Frameworks/XCTest.framework; sourceTree = DEVELOPER_DIR; };
		BFBA15E71A03711700B00D43 /* 0501-OrientationsTests-Info.plist */ = {isa = PBXFileReference; lastKnownFileType = text.plist.xml; path = "0501-OrientationsTests-Info.plist"; sourceTree = "<group>"; };
		BFBA15E91A03711700B00D43 /* en */ = {isa = PBXFileReference; lastKnownFileType = text.plist.strings; name = en; path = en.lproj/InfoPlist.strings; sourceTree = "<group>"; };
		BFBA15EB1A03711700B00D43 /* _501_OrientationsTests.m */ = {isa = PBXFileReference; lastKnownFileType = sourcecode.c.objc; path = _501_OrientationsTests.m; sourceTree = "<group>"; };
/* End PBXFileReference section */

/* Begin PBXFrameworksBuildPhase section */
		BFBA15BA1A03711700B00D43 /* Frameworks */ = {
			isa = PBXFrameworksBuildPhase;
			buildActionMask = 2147483647;
			files = (
				BFBA15C31A03711700B00D43 /* CoreGraphics.framework in Frameworks */,
				BFBA15C51A03711700B00D43 /* UIKit.framework in Frameworks */,
				BFBA15C11A03711700B00D43 /* Foundation.framework in Frameworks */,
			);
			runOnlyForDeploymentPostprocessing = 0;
		};
		BFBA15DB1A03711700B00D43 /* Frameworks */ = {
			isa = PBXFrameworksBuildPhase;
			buildActionMask = 2147483647;
			files = (
				BFBA15E01A03711700B00D43 /* XCTest.framework in Frameworks */,
				BFBA15E21A03711700B00D43 /* UIKit.framework in Frameworks */,
				BFBA15E11A03711700B00D43 /* Foundation.framework in Frameworks */,
			);
			runOnlyForDeploymentPostprocessing = 0;
		};
/* End PBXFrameworksBuildPhase section */

/* Begin PBXGroup section */
		BFBA15B41A03711700B00D43 = {
			isa = PBXGroup;
			children = (
				BFBA15C61A03711700B00D43 /* 0501-Orientations */,
				BFBA15E51A03711700B00D43 /* 0501-OrientationsTests */,
				BFBA15BF1A03711700B00D43 /* Frameworks */,
				BFBA15BE1A03711700B00D43 /* Products */,
			);
			sourceTree = "<group>";
		};
		BFBA15BE1A03711700B00D43 /* Products */ = {
			isa = PBXGroup;
			children = (
				BFBA15BD1A03711700B00D43 /* 0501-Orientations.app */,
				BFBA15DE1A03711700B00D43 /* 0501-OrientationsTests.xctest */,
			);
			name = Products;
			sourceTree = "<group>";
		};
		BFBA15BF1A03711700B00D43 /* Frameworks */ = {
			isa = PBXGroup;
			children = (
				BFBA15C01A03711700B00D43 /* Foundation.framework */,
				BFBA15C21A03711700B00D43 /* CoreGraphics.framework */,
				BFBA15C41A03711700B00D43 /* UIKit.framework */,
				BFBA15DF1A03711700B00D43 /* XCTest.framework */,
			);
			name = Frameworks;
			sourceTree = "<group>";
		};
		BFBA15C61A03711700B00D43 /* 0501-Orientations */ = {
			isa = PBXGroup;
			children = (
				BFBA15CF1A03711700B00D43 /* BIDAppDelegate.h */,
				BFBA15D01A03711700B00D43 /* BIDAppDelegate.m */,
				BFBA15D21A03711700B00D43 /* Main.storyboard */,
				BFBA15D51A03711700B00D43 /* BIDViewController.h */,
				BFBA15D61A03711700B00D43 /* BIDViewController.m */,
				BFBA15D81A03711700B00D43 /* Images.xcassets */,
				BFBA15C71A03711700B00D43 /* Supporting Files */,
			);
			path = "0501-Orientations";
			sourceTree = "<group>";
		};
		BFBA15C71A03711700B00D43 /* Supporting Files */ = {
			isa = PBXGroup;
			children = (
				BFBA15C81A03711700B00D43 /* 0501-Orientations-Info.plist */,
				BFBA15C91A03711700B00D43 /* InfoPlist.strings */,
				BFBA15CC1A03711700B00D43 /* main.m */,
				BFBA15CE1A03711700B00D43 /* 0501-Orientations-Prefix.pch */,
			);
			name = "Supporting Files";
			sourceTree = "<group>";
		};
		BFBA15E51A03711700B00D43 /* 0501-OrientationsTests */ = {
			isa = PBXGroup;
			children = (
				BFBA15EB1A03711700B00D43 /* _501_OrientationsTests.m */,
				BFBA15E61A03711700B00D43 /* Supporting Files */,
			);
			path = "0501-OrientationsTests";
			sourceTree = "<group>";
		};
		BFBA15E61A03711700B00D43 /* Supporting Files */ = {
			isa = PBXGroup;
			children = (
				BFBA15E71A03711700B00D43 /* 0501-OrientationsTests-Info.plist */,
				BFBA15E81A03711700B00D43 /* InfoPlist.strings */,
			);
			name = "Supporting Files";
			sourceTree = "<group>";
		};
/* End PBXGroup section */

/* Begin PBXNativeTarget section */
		BFBA15BC1A03711700B00D43 /* 0501-Orientations */ = {
			isa = PBXNativeTarget;
			buildConfigurationList = BFBA15EF1A03711700B00D43 /* Build configuration list for PBXNativeTarget "0501-Orientations" */;
			buildPhases = (
				BFBA15B91A03711700B00D43 /* Sources */,
				BFBA15BA1A03711700B00D43 /* Frameworks */,
				BFBA15BB1A03711700B00D43 /* Resources */,
			);
			buildRules = (
			);
			dependencies = (
			);
			name = "0501-Orientations";
			productName = "0501-Orientations";
			productReference = BFBA15BD1A03711700B00D43 /* 0501-Orientations.app */;
			productType = "com.apple.product-type.application";
		};
		BFBA15DD1A03711700B00D43 /* 0501-OrientationsTests */ = {
			isa = PBXNativeTarget;
			buildConfigurationList = BFBA15F21A03711700B00D43 /* Build configuration list for PBXNativeTarget "0501-OrientationsTests" */;
			buildPhases = (
				BFBA15DA1A03711700B00D43 /* Sources */,
				BFBA15DB1A03711700B00D43 /* Frameworks */,
				BFBA15DC1A03711700B00D43 /* Resources */,
			);
			buildRules = (
			);
			dependencies = (
				BFBA15E41A03711700B00D43 /* PBXTargetDependency */,
			);
			name = "0501-OrientationsTests";
			productName = "0501-OrientationsTests";
			productReference = BFBA15DE1A03711700B00D43 /* 0501-OrientationsTests.xctest */;
			productType = "com.apple.product-type.bundle.unit-test";
		};
/* End PBXNativeTarget section */

/* Begin PBXProject section */
		BFBA15B51A03711700B00D43 /* Project object */ = {
			isa = PBXProject;
			attributes = {
				CLASSPREFIX = BID;
				LastUpgradeCheck = 0510;
				ORGANIZATIONNAME = "___FULLUSERNAME___";
				TargetAttributes = {
					BFBA15DD1A03711700B00D43 = {
						TestTargetID = BFBA15BC1A03711700B00D43;
					};
				};
			};
			buildConfigurationList = BFBA15B81A03711700B00D43 /* Build configuration list for PBXProject "0501-Orientations" */;
			compatibilityVersion = "Xcode 3.2";
			developmentRegion = English;
			hasScannedForEncodings = 0;
			knownRegions = (
				en,
				Base,
			);
			mainGroup = BFBA15B41A03711700B00D43;
			productRefGroup = BFBA15BE1A03711700B00D43 /* Products */;
			projectDirPath = "";
			projectRoot = "";
			targets = (
				BFBA15BC1A03711700B00D43 /* 0501-Orientations */,
				BFBA15DD1A03711700B00D43 /* 0501-OrientationsTests */,
			);
		};
/* End PBXProject section */

/* Begin PBXResourcesBuildPhase section */
		BFBA15BB1A03711700B00D43 /* Resources */ = {
			isa = PBXResourcesBuildPhase;
			buildActionMask = 2147483647;
			files = (
				BFBA15D91A03711700B00D43 /* Images.xcassets in Resources */,
				BFBA15CB1A03711700B00D43 /* InfoPlist.strings in Resources */,
				BFBA15D41A03711700B00D43 /* Main.storyboard in Resources */,
			);
			runOnlyForDeploymentPostprocessing = 0;
		};
		BFBA15DC1A03711700B00D43 /* Resources */ = {
			isa = PBXResourcesBuildPhase;
			buildActionMask = 2147483647;
			files = (
				BFBA15EA1A03711700B00D43 /* InfoPlist.strings in Resources */,
			);
			runOnlyForDeploymentPostprocessing = 0;
		};
/* End PBXResourcesBuildPhase section */

/* Begin PBXSourcesBuildPhase section */
		BFBA15B91A03711700B00D43 /* Sources */ = {
			isa = PBXSourcesBuildPhase;
			buildActionMask = 2147483647;
			files = (
				BFBA15D11A03711700B00D43 /* BIDAppDelegate.m in Sources */,
				BFBA15D71A03711700B00D43 /* BIDViewController.m in Sources */,
				BFBA15CD1A03711700B00D43 /* main.m in Sources */,
			);
			runOnlyForDeploymentPostprocessing = 0;
		};
		BFBA15DA1A03711700B00D43 /* Sources */ = {
			isa = PBXSourcesBuildPhase;
			buildActionMask = 2147483647;
			files = (
				BFBA15EC1A03711700B00D43 /* _501_OrientationsTests.m in Sources */,
			);
			runOnlyForDeploymentPostprocessing = 0;
		};
/* End PBXSourcesBuildPhase section */

/* Begin PBXTargetDependency section */
		BFBA15E41A03711700B00D43 /* PBXTargetDependency */ = {
			isa = PBXTargetDependency;
			target = BFBA15BC1A03711700B00D43 /* 0501-Orientations */;
			targetProxy = BFBA15E31A03711700B00D43 /* PBXContainerItemProxy */;
		};
/* End PBXTargetDependency section */

/* Begin PBXVariantGroup section */
		BFBA15C91A03711700B00D43 /* InfoPlist.strings */ = {
			isa = PBXVariantGroup;
			children = (
				BFBA15CA1A03711700B00D43 /* en */,
			);
			name = InfoPlist.strings;
			sourceTree = "<group>";
		};
		BFBA15D21A03711700B00D43 /* Main.storyboard */ = {
			isa = PBXVariantGroup;
			children = (
				BFBA15D31A03711700B00D43 /* Base */,
			);
			name = Main.storyboard;
			sourceTree = "<group>";
		};
		BFBA15E81A03711700B00D43 /* InfoPlist.strings */ = {
			isa = PBXVariantGroup;
			children = (
				BFBA15E91A03711700B00D43 /* en */,
			);
			name = InfoPlist.strings;
			sourceTree = "<group>";
		};
/* End PBXVariantGroup section */

/* Begin XCBuildConfiguration section */
		BFBA15ED1A03711700B00D43 /* Debug */ = {
			isa = XCBuildConfiguration;
			buildSettings = {
				ALWAYS_SEARCH_USER_PATHS = NO;
				CLANG_CXX_LANGUAGE_STANDARD = "gnu++0x";
				CLANG_CXX_LIBRARY = "libc++";
				CLANG_ENABLE_MODULES = YES;
				CLANG_ENABLE_OBJC_ARC = YES;
				CLANG_WARN_BOOL_CONVERSION = YES;
				CLANG_WARN_CONSTANT_CONVERSION = YES;
				CLANG_WARN_DIRECT_OBJC_ISA_USAGE = YES_ERROR;
				CLANG_WARN_EMPTY_BODY = YES;
				CLANG_WARN_ENUM_CONVERSION = YES;
				CLANG_WARN_INT_CONVERSION = YES;
				CLANG_WARN_OBJC_ROOT_CLASS = YES_ERROR;
				CLANG_WARN__DUPLICATE_METHOD_MATCH = YES;
				"CODE_SIGN_IDENTITY[sdk=iphoneos*]" = "iPhone Developer";
				COPY_PHASE_STRIP = NO;
				GCC_C_LANGUAGE_STANDARD = gnu99;
				GCC_DYNAMIC_NO_PIC = NO;
				GCC_OPTIMIZATION_LEVEL = 0;
				GCC_PREPROCESSOR_DEFINITIONS = (
					"DEBUG=1",
					"$(inherited)",
				);
				GCC_SYMBOLS_PRIVATE_EXTERN = NO;
				GCC_WARN_64_TO_32_BIT_CONVERSION = YES;
				GCC_WARN_ABOUT_RETURN_TYPE = YES_ERROR;
				GCC_WARN_UNDECLARED_SELECTOR = YES;
				GCC_WARN_UNINITIALIZED_AUTOS = YES_AGGRESSIVE;
				GCC_WARN_UNUSED_FUNCTION = YES;
				GCC_WARN_UNUSED_VARIABLE = YES;
				IPHONEOS_DEPLOYMENT_TARGET = 7.1;
				ONLY_ACTIVE_ARCH = YES;
				SDKROOT = iphoneos;
			};
			name = Debug;
		};
		BFBA15EE1A03711700B00D43 /* Release */ = {
			isa = XCBuildConfiguration;
			buildSettings = {
				ALWAYS_SEARCH_USER_PATHS = NO;
				CLANG_CXX_LANGUAGE_STANDARD = "gnu++0x";
				CLANG_CXX_LIBRARY = "libc++";
				CLANG_ENABLE_MODULES = YES;
				CLANG_ENABLE_OBJC_ARC = YES;
				CLANG_WARN_BOOL_CONVERSION = YES;
				CLANG_WARN_CONSTANT_CONVERSION = YES;
				CLANG_WARN_DIRECT_OBJC_ISA_USAGE = YES_ERROR;
				CLANG_WARN_EMPTY_BODY = YES;
				CLANG_WARN_ENUM_CONVERSION = YES;
				CLANG_WARN_INT_CONVERSION = YES;
				CLANG_WARN_OBJC_ROOT_CLASS = YES_ERROR;
				CLANG_WARN__DUPLICATE_METHOD_MATCH = YES;
				"CODE_SIGN_IDENTITY[sdk=iphoneos*]" = "iPhone Developer";
				COPY_PHASE_STRIP = YES;
				ENABLE_NS_ASSERTIONS = NO;
				GCC_C_LANGUAGE_STANDARD = gnu99;
				GCC_WARN_64_TO_32_BIT_CONVERSION = YES;
				GCC_WARN_ABOUT_RETURN_TYPE = YES_ERROR;
				GCC_WARN_UNDECLARED_SELECTOR = YES;
				GCC_WARN_UNINITIALIZED_AUTOS = YES_AGGRESSIVE;
				GCC_WARN_UNUSED_FUNCTION = YES;
				GCC_WARN_UNUSED_VARIABLE = YES;
				IPHONEOS_DEPLOYMENT_TARGET = 7.1;
				SDKROOT = iphoneos;
				VALIDATE_PRODUCT = YES;
			};
			name = Release;
		};
		BFBA15F01A03711700B00D43 /* Debug */ = {
			isa = XCBuildConfiguration;
			buildSettings = {
				ASSETCATALOG_COMPILER_APPICON_NAME = AppIcon;
				ASSETCATALOG_COMPILER_LAUNCHIMAGE_NAME = LaunchImage;
				GCC_PRECOMPILE_PREFIX_HEADER = YES;
				GCC_PREFIX_HEADER = "0501-Orientations/0501-Orientations-Prefix.pch";
				INFOPLIST_FILE = "0501-Orientations/0501-Orientations-Info.plist";
				PRODUCT_NAME = "$(TARGET_NAME)";
				WRAPPER_EXTENSION = app;
			};
			name = Debug;
		};
		BFBA15F11A03711700B00D43 /* Release */ = {
			isa = XCBuildConfiguration;
			buildSettings = {
				ASSETCATALOG_COMPILER_APPICON_NAME = AppIcon;
				ASSETCATALOG_COMPILER_LAUNCHIMAGE_NAME = LaunchImage;
				GCC_PRECOMPILE_PREFIX_HEADER = YES;
				GCC_PREFIX_HEADER = "0501-Orientations/0501-Orientations-Prefix.pch";
				INFOPLIST_FILE = "0501-Orientations/0501-Orientations-Info.plist";
				PRODUCT_NAME = "$(TARGET_NAME)";
				WRAPPER_EXTENSION = app;
			};
			name = Release;
		};
		BFBA15F31A03711700B00D43 /* Debug */ = {
			isa = XCBuildConfiguration;
			buildSettings = {
				BUNDLE_LOADER = "$(BUILT_PRODUCTS_DIR)/0501-Orientations.app/0501-Orientations";
				FRAMEWORK_SEARCH_PATHS = (
					"$(SDKROOT)/Developer/Library/Frameworks",
					"$(inherited)",
					"$(DEVELOPER_FRAMEWORKS_DIR)",
				);
				GCC_PRECOMPILE_PREFIX_HEADER = YES;
				GCC_PREFIX_HEADER = "0501-Orientations/0501-Orientations-Prefix.pch";
				GCC_PREPROCESSOR_DEFINITIONS = (
					"DEBUG=1",
					"$(inherited)",
				);
				INFOPLIST_FILE = "0501-OrientationsTests/0501-OrientationsTests-Info.plist";
				PRODUCT_NAME = "$(TARGET_NAME)";
				TEST_HOST = "$(BUNDLE_LOADER)";
				WRAPPER_EXTENSION = xctest;
			};
			name = Debug;
		};
		BFBA15F41A03711700B00D43 /* Release */ = {
			isa = XCBuildConfiguration;
			buildSettings = {
				BUNDLE_LOADER = "$(BUILT_PRODUCTS_DIR)/0501-Orientations.app/0501-Orientations";
				FRAMEWORK_SEARCH_PATHS = (
					"$(SDKROOT)/Developer/Library/Frameworks",
					"$(inherited)",
					"$(DEVELOPER_FRAMEWORKS_DIR)",
				);
				GCC_PRECOMPILE_PREFIX_HEADER = YES;
				GCC_PREFIX_HEADER = "0501-Orientations/0501-Orientations-Prefix.pch";
				INFOPLIST_FILE = "0501-OrientationsTests/0501-OrientationsTests-Info.plist";
				PRODUCT_NAME = "$(TARGET_NAME)";
				TEST_HOST = "$(BUNDLE_LOADER)";
				WRAPPER_EXTENSION = xctest;
			};
			name = Release;
		};
/* End XCBuildConfiguration section */

/* Begin XCConfigurationList section */
		BFBA15B81A03711700B00D43 /* Build configuration list for PBXProject "0501-Orientations" */ = {
			isa = XCConfigurationList;
			buildConfigurations = (
				BFBA15ED1A03711700B00D43 /* Debug */,
				BFBA15EE1A03711700B00D43 /* Release */,
			);
			defaultConfigurationIsVisible = 0;
			defaultConfigurationName = Release;
		};
		BFBA15EF1A03711700B00D43 /* Build configuration list for PBXNativeTarget "0501-Orientations" */ = {
			isa = XCConfigurationList;
			buildConfigurations = (
				BFBA15F01A03711700B00D43 /* Debug */,
				BFBA15F11A03711700B00D43 /* Release */,
			);
			defaultConfigurationIsVisible = 0;
		};
		BFBA15F21A03711700B00D43 /* Build configuration list for PBXNativeTarget "0501-OrientationsTests" */ = {
			isa = XCConfigurationList;
			buildConfigurations = (
				BFBA15F31A03711700B00D43 /* Debug */,
				BFBA15F41A03711700B00D43 /* Release */,
			);
			defaultConfigurationIsVisible = 0;
		};
/* End XCConfigurationList section */
	};
	rootObject = BFBA15B51A03711700B00D43 /* Project object */;
}
