// !$*UTF8*$!
{
	archiveVersion = 1;
	classes = {
	};
	objectVersion = 46;
	objects = {

/* Begin PBXBuildFile section */
		BFBA11091A122CD7003A45E7 /* Foundation.framework in Frameworks */ = {isa = PBXBuildFile; fileRef = BFBA11081A122CD7003A45E7 /* Foundation.framework */; };
		BFBA110B1A122CD7003A45E7 /* CoreGraphics.framework in Frameworks */ = {isa = PBXBuildFile; fileRef = BFBA110A1A122CD7003A45E7 /* CoreGraphics.framework */; };
		BFBA110D1A122CD7003A45E7 /* UIKit.framework in Frameworks */ = {isa = PBXBuildFile; fileRef = BFBA110C1A122CD7003A45E7 /* UIKit.framework */; };
		BFBA11131A122CD7003A45E7 /* InfoPlist.strings in Resources */ = {isa = PBXBuildFile; fileRef = BFBA11111A122CD7003A45E7 /* InfoPlist.strings */; };
		BFBA11151A122CD7003A45E7 /* main.m in Sources */ = {isa = PBXBuildFile; fileRef = BFBA11141A122CD7003A45E7 /* main.m */; };
		BFBA11191A122CD7003A45E7 /* BIDAppDelegate.m in Sources */ = {isa = PBXBuildFile; fileRef = BFBA11181A122CD7003A45E7 /* BIDAppDelegate.m */; };
		BFBA111B1A122CD7003A45E7 /* Images.xcassets in Resources */ = {isa = PBXBuildFile; fileRef = BFBA111A1A122CD7003A45E7 /* Images.xcassets */; };
		BFBA11221A122CD7003A45E7 /* XCTest.framework in Frameworks */ = {isa = PBXBuildFile; fileRef = BFBA11211A122CD7003A45E7 /* XCTest.framework */; };
		BFBA11231A122CD7003A45E7 /* Foundation.framework in Frameworks */ = {isa = PBXBuildFile; fileRef = BFBA11081A122CD7003A45E7 /* Foundation.framework */; };
		BFBA11241A122CD7003A45E7 /* UIKit.framework in Frameworks */ = {isa = PBXBuildFile; fileRef = BFBA110C1A122CD7003A45E7 /* UIKit.framework */; };
		BFBA112C1A122CD7003A45E7 /* InfoPlist.strings in Resources */ = {isa = PBXBuildFile; fileRef = BFBA112A1A122CD7003A45E7 /* InfoPlist.strings */; };
		BFBA112E1A122CD7003A45E7 /* _601_ViewSwitcherTests.m in Sources */ = {isa = PBXBuildFile; fileRef = BFBA112D1A122CD7003A45E7 /* _601_ViewSwitcherTests.m */; };
		BFBA11391A122EED003A45E7 /* BIDSwitchViewController.m in Sources */ = {isa = PBXBuildFile; fileRef = BFBA11381A122EED003A45E7 /* BIDSwitchViewController.m */; };
		BFBA113C1A122F41003A45E7 /* BIDBlueViewController.m in Sources */ = {isa = PBXBuildFile; fileRef = BFBA113B1A122F41003A45E7 /* BIDBlueViewController.m */; };
		BFBA113F1A122F57003A45E7 /* BIDYelloViewController.m in Sources */ = {isa = PBXBuildFile; fileRef = BFBA113E1A122F57003A45E7 /* BIDYelloViewController.m */; };
		BFBA11411A122FE0003A45E7 /* Main.storyboard in Resources */ = {isa = PBXBuildFile; fileRef = BFBA11401A122FE0003A45E7 /* Main.storyboard */; };
/* End PBXBuildFile section */

/* Begin PBXContainerItemProxy section */
		BFBA11251A122CD7003A45E7 /* PBXContainerItemProxy */ = {
			isa = PBXContainerItemProxy;
			containerPortal = BFBA10FD1A122CD7003A45E7 /* Project object */;
			proxyType = 1;
			remoteGlobalIDString = BFBA11041A122CD7003A45E7;
			remoteInfo = "0601-ViewSwitcher";
		};
/* End PBXContainerItemProxy section */

/* Begin PBXFileReference section */
		BFBA11051A122CD7003A45E7 /* 0601-ViewSwitcher.app */ = {isa = PBXFileReference; explicitFileType = wrapper.application; includeInIndex = 0; path = "0601-ViewSwitcher.app"; sourceTree = BUILT_PRODUCTS_DIR; };
		BFBA11081A122CD7003A45E7 /* Foundation.framework */ = {isa = PBXFileReference; lastKnownFileType = wrapper.framework; name = Foundation.framework; path = System/Library/Frameworks/Foundation.framework; sourceTree = SDKROOT; };
		BFBA110A1A122CD7003A45E7 /* CoreGraphics.framework */ = {isa = PBXFileReference; lastKnownFileType = wrapper.framework; name = CoreGraphics.framework; path = System/Library/Frameworks/CoreGraphics.framework; sourceTree = SDKROOT; };
		BFBA110C1A122CD7003A45E7 /* UIKit.framework */ = {isa = PBXFileReference; lastKnownFileType = wrapper.framework; name = UIKit.framework; path = System/Library/Frameworks/UIKit.framework; sourceTree = SDKROOT; };
		BFBA11101A122CD7003A45E7 /* 0601-ViewSwitcher-Info.plist */ = {isa = PBXFileReference; lastKnownFileType = text.plist.xml; path = "0601-ViewSwitcher-Info.plist"; sourceTree = "<group>"; };
		BFBA11121A122CD7003A45E7 /* en */ = {isa = PBXFileReference; lastKnownFileType = text.plist.strings; name = en; path = en.lproj/InfoPlist.strings; sourceTree = "<group>"; };
		BFBA11141A122CD7003A45E7 /* main.m */ = {isa = PBXFileReference; lastKnownFileType = sourcecode.c.objc; path = main.m; sourceTree = "<group>"; };
		BFBA11161A122CD7003A45E7 /* 0601-ViewSwitcher-Prefix.pch */ = {isa = PBXFileReference; lastKnownFileType = sourcecode.c.h; path = "0601-ViewSwitcher-Prefix.pch"; sourceTree = "<group>"; };
		BFBA11171A122CD7003A45E7 /* BIDAppDelegate.h */ = {isa = PBXFileReference; lastKnownFileType = sourcecode.c.h; path = BIDAppDelegate.h; sourceTree = "<group>"; };
		BFBA11181A122CD7003A45E7 /* BIDAppDelegate.m */ = {isa = PBXFileReference; lastKnownFileType = sourcecode.c.objc; path = BIDAppDelegate.m; sourceTree = "<group>"; };
		BFBA111A1A122CD7003A45E7 /* Images.xcassets */ = {isa = PBXFileReference; lastKnownFileType = folder.assetcatalog; path = Images.xcassets; sourceTree = "<group>"; };
		BFBA11201A122CD7003A45E7 /* 0601-ViewSwitcherTests.xctest */ = {isa = PBXFileReference; explicitFileType = wrapper.cfbundle; includeInIndex = 0; path = "0601-ViewSwitcherTests.xctest"; sourceTree = BUILT_PRODUCTS_DIR; };
		BFBA11211A122CD7003A45E7 /* XCTest.framework */ = {isa = PBXFileReference; lastKnownFileType = wrapper.framework; name = XCTest.framework; path = Library/Frameworks/XCTest.framework; sourceTree = DEVELOPER_DIR; };
		BFBA11291A122CD7003A45E7 /* 0601-ViewSwitcherTests-Info.plist */ = {isa = PBXFileReference; lastKnownFileType = text.plist.xml; path = "0601-ViewSwitcherTests-Info.plist"; sourceTree = "<group>"; };
		BFBA112B1A122CD7003A45E7 /* en */ = {isa = PBXFileReference; lastKnownFileType = text.plist.strings; name = en; path = en.lproj/InfoPlist.strings; sourceTree = "<group>"; };
		BFBA112D1A122CD7003A45E7 /* _601_ViewSwitcherTests.m */ = {isa = PBXFileReference; lastKnownFileType = sourcecode.c.objc; path = _601_ViewSwitcherTests.m; sourceTree = "<group>"; };
		BFBA11371A122EED003A45E7 /* BIDSwitchViewController.h */ = {isa = PBXFileReference; fileEncoding = 4; lastKnownFileType = sourcecode.c.h; path = BIDSwitchViewController.h; sourceTree = "<group>"; };
		BFBA11381A122EED003A45E7 /* BIDSwitchViewController.m */ = {isa = PBXFileReference; fileEncoding = 4; lastKnownFileType = sourcecode.c.objc; path = BIDSwitchViewController.m; sourceTree = "<group>"; };
		BFBA113A1A122F41003A45E7 /* BIDBlueViewController.h */ = {isa = PBXFileReference; fileEncoding = 4; lastKnownFileType = sourcecode.c.h; path = BIDBlueViewController.h; sourceTree = "<group>"; };
		BFBA113B1A122F41003A45E7 /* BIDBlueViewController.m */ = {isa = PBXFileReference; fileEncoding = 4; lastKnownFileType = sourcecode.c.objc; path = BIDBlueViewController.m; sourceTree = "<group>"; };
		BFBA113D1A122F57003A45E7 /* BIDYelloViewController.h */ = {isa = PBXFileReference; fileEncoding = 4; lastKnownFileType = sourcecode.c.h; path = BIDYelloViewController.h; sourceTree = "<group>"; };
		BFBA113E1A122F57003A45E7 /* BIDYelloViewController.m */ = {isa = PBXFileReference; fileEncoding = 4; lastKnownFileType = sourcecode.c.objc; path = BIDYelloViewController.m; sourceTree = "<group>"; };
		BFBA11401A122FE0003A45E7 /* Main.storyboard */ = {isa = PBXFileReference; fileEncoding = 4; lastKnownFileType = file.storyboard; path = Main.storyboard; sourceTree = "<group>"; };
/* End PBXFileReference section */

/* Begin PBXFrameworksBuildPhase section */
		BFBA11021A122CD7003A45E7 /* Frameworks */ = {
			isa = PBXFrameworksBuildPhase;
			buildActionMask = 2147483647;
			files = (
				BFBA110B1A122CD7003A45E7 /* CoreGraphics.framework in Frameworks */,
				BFBA110D1A122CD7003A45E7 /* UIKit.framework in Frameworks */,
				BFBA11091A122CD7003A45E7 /* Foundation.framework in Frameworks */,
			);
			runOnlyForDeploymentPostprocessing = 0;
		};
		BFBA111D1A122CD7003A45E7 /* Frameworks */ = {
			isa = PBXFrameworksBuildPhase;
			buildActionMask = 2147483647;
			files = (
				BFBA11221A122CD7003A45E7 /* XCTest.framework in Frameworks */,
				BFBA11241A122CD7003A45E7 /* UIKit.framework in Frameworks */,
				BFBA11231A122CD7003A45E7 /* Foundation.framework in Frameworks */,
			);
			runOnlyForDeploymentPostprocessing = 0;
		};
/* End PBXFrameworksBuildPhase section */

/* Begin PBXGroup section */
		BFBA10FC1A122CD7003A45E7 = {
			isa = PBXGroup;
			children = (
				BFBA110E1A122CD7003A45E7 /* 0601-ViewSwitcher */,
				BFBA11271A122CD7003A45E7 /* 0601-ViewSwitcherTests */,
				BFBA11071A122CD7003A45E7 /* Frameworks */,
				BFBA11061A122CD7003A45E7 /* Products */,
			);
			sourceTree = "<group>";
		};
		BFBA11061A122CD7003A45E7 /* Products */ = {
			isa = PBXGroup;
			children = (
				BFBA11051A122CD7003A45E7 /* 0601-ViewSwitcher.app */,
				BFBA11201A122CD7003A45E7 /* 0601-ViewSwitcherTests.xctest */,
			);
			name = Products;
			sourceTree = "<group>";
		};
		BFBA11071A122CD7003A45E7 /* Frameworks */ = {
			isa = PBXGroup;
			children = (
				BFBA11081A122CD7003A45E7 /* Foundation.framework */,
				BFBA110A1A122CD7003A45E7 /* CoreGraphics.framework */,
				BFBA110C1A122CD7003A45E7 /* UIKit.framework */,
				BFBA11211A122CD7003A45E7 /* XCTest.framework */,
			);
			name = Frameworks;
			sourceTree = "<group>";
		};
		BFBA110E1A122CD7003A45E7 /* 0601-ViewSwitcher */ = {
			isa = PBXGroup;
			children = (
				BFBA11171A122CD7003A45E7 /* BIDAppDelegate.h */,
				BFBA11181A122CD7003A45E7 /* BIDAppDelegate.m */,
				BFBA11371A122EED003A45E7 /* BIDSwitchViewController.h */,
				BFBA11381A122EED003A45E7 /* BIDSwitchViewController.m */,
				BFBA113A1A122F41003A45E7 /* BIDBlueViewController.h */,
				BFBA113B1A122F41003A45E7 /* BIDBlueViewController.m */,
				BFBA113D1A122F57003A45E7 /* BIDYelloViewController.h */,
				BFBA113E1A122F57003A45E7 /* BIDYelloViewController.m */,
				BFBA11401A122FE0003A45E7 /* Main.storyboard */,
				BFBA111A1A122CD7003A45E7 /* Images.xcassets */,
				BFBA110F1A122CD7003A45E7 /* Supporting Files */,
			);
			path = "0601-ViewSwitcher";
			sourceTree = "<group>";
		};
		BFBA110F1A122CD7003A45E7 /* Supporting Files */ = {
			isa = PBXGroup;
			children = (
				BFBA11101A122CD7003A45E7 /* 0601-ViewSwitcher-Info.plist */,
				BFBA11111A122CD7003A45E7 /* InfoPlist.strings */,
				BFBA11141A122CD7003A45E7 /* main.m */,
				BFBA11161A122CD7003A45E7 /* 0601-ViewSwitcher-Prefix.pch */,
			);
			name = "Supporting Files";
			sourceTree = "<group>";
		};
		BFBA11271A122CD7003A45E7 /* 0601-ViewSwitcherTests */ = {
			isa = PBXGroup;
			children = (
				BFBA112D1A122CD7003A45E7 /* _601_ViewSwitcherTests.m */,
				BFBA11281A122CD7003A45E7 /* Supporting Files */,
			);
			path = "0601-ViewSwitcherTests";
			sourceTree = "<group>";
		};
		BFBA11281A122CD7003A45E7 /* Supporting Files */ = {
			isa = PBXGroup;
			children = (
				BFBA11291A122CD7003A45E7 /* 0601-ViewSwitcherTests-Info.plist */,
				BFBA112A1A122CD7003A45E7 /* InfoPlist.strings */,
			);
			name = "Supporting Files";
			sourceTree = "<group>";
		};
/* End PBXGroup section */

/* Begin PBXNativeTarget section */
		BFBA11041A122CD7003A45E7 /* 0601-ViewSwitcher */ = {
			isa = PBXNativeTarget;
			buildConfigurationList = BFBA11311A122CD7003A45E7 /* Build configuration list for PBXNativeTarget "0601-ViewSwitcher" */;
			buildPhases = (
				BFBA11011A122CD7003A45E7 /* Sources */,
				BFBA11021A122CD7003A45E7 /* Frameworks */,
				BFBA11031A122CD7003A45E7 /* Resources */,
			);
			buildRules = (
			);
			dependencies = (
			);
			name = "0601-ViewSwitcher";
			productName = "0601-ViewSwitcher";
			productReference = BFBA11051A122CD7003A45E7 /* 0601-ViewSwitcher.app */;
			productType = "com.apple.product-type.application";
		};
		BFBA111F1A122CD7003A45E7 /* 0601-ViewSwitcherTests */ = {
			isa = PBXNativeTarget;
			buildConfigurationList = BFBA11341A122CD7003A45E7 /* Build configuration list for PBXNativeTarget "0601-ViewSwitcherTests" */;
			buildPhases = (
				BFBA111C1A122CD7003A45E7 /* Sources */,
				BFBA111D1A122CD7003A45E7 /* Frameworks */,
				BFBA111E1A122CD7003A45E7 /* Resources */,
			);
			buildRules = (
			);
			dependencies = (
				BFBA11261A122CD7003A45E7 /* PBXTargetDependency */,
			);
			name = "0601-ViewSwitcherTests";
			productName = "0601-ViewSwitcherTests";
			productReference = BFBA11201A122CD7003A45E7 /* 0601-ViewSwitcherTests.xctest */;
			productType = "com.apple.product-type.bundle.unit-test";
		};
/* End PBXNativeTarget section */

/* Begin PBXProject section */
		BFBA10FD1A122CD7003A45E7 /* Project object */ = {
			isa = PBXProject;
			attributes = {
				CLASSPREFIX = BID;
				LastUpgradeCheck = 0510;
				ORGANIZATIONNAME = "___FULLUSERNAME___";
				TargetAttributes = {
					BFBA111F1A122CD7003A45E7 = {
						TestTargetID = BFBA11041A122CD7003A45E7;
					};
				};
			};
			buildConfigurationList = BFBA11001A122CD7003A45E7 /* Build configuration list for PBXProject "0601-ViewSwitcher" */;
			compatibilityVersion = "Xcode 3.2";
			developmentRegion = English;
			hasScannedForEncodings = 0;
			knownRegions = (
				en,
			);
			mainGroup = BFBA10FC1A122CD7003A45E7;
			productRefGroup = BFBA11061A122CD7003A45E7 /* Products */;
			projectDirPath = "";
			projectRoot = "";
			targets = (
				BFBA11041A122CD7003A45E7 /* 0601-ViewSwitcher */,
				BFBA111F1A122CD7003A45E7 /* 0601-ViewSwitcherTests */,
			);
		};
/* End PBXProject section */

/* Begin PBXResourcesBuildPhase section */
		BFBA11031A122CD7003A45E7 /* Resources */ = {
			isa = PBXResourcesBuildPhase;
			buildActionMask = 2147483647;
			files = (
				BFBA11411A122FE0003A45E7 /* Main.storyboard in Resources */,
				BFBA11131A122CD7003A45E7 /* InfoPlist.strings in Resources */,
				BFBA111B1A122CD7003A45E7 /* Images.xcassets in Resources */,
			);
			runOnlyForDeploymentPostprocessing = 0;
		};
		BFBA111E1A122CD7003A45E7 /* Resources */ = {
			isa = PBXResourcesBuildPhase;
			buildActionMask = 2147483647;
			files = (
				BFBA112C1A122CD7003A45E7 /* InfoPlist.strings in Resources */,
			);
			runOnlyForDeploymentPostprocessing = 0;
		};
/* End PBXResourcesBuildPhase section */

/* Begin PBXSourcesBuildPhase section */
		BFBA11011A122CD7003A45E7 /* Sources */ = {
			isa = PBXSourcesBuildPhase;
			buildActionMask = 2147483647;
			files = (
				BFBA113C1A122F41003A45E7 /* BIDBlueViewController.m in Sources */,
				BFBA11191A122CD7003A45E7 /* BIDAppDelegate.m in Sources */,
				BFBA113F1A122F57003A45E7 /* BIDYelloViewController.m in Sources */,
				BFBA11151A122CD7003A45E7 /* main.m in Sources */,
				BFBA11391A122EED003A45E7 /* BIDSwitchViewController.m in Sources */,
			);
			runOnlyForDeploymentPostprocessing = 0;
		};
		BFBA111C1A122CD7003A45E7 /* Sources */ = {
			isa = PBXSourcesBuildPhase;
			buildActionMask = 2147483647;
			files = (
				BFBA112E1A122CD7003A45E7 /* _601_ViewSwitcherTests.m in Sources */,
			);
			runOnlyForDeploymentPostprocessing = 0;
		};
/* End PBXSourcesBuildPhase section */

/* Begin PBXTargetDependency section */
		BFBA11261A122CD7003A45E7 /* PBXTargetDependency */ = {
			isa = PBXTargetDependency;
			target = BFBA11041A122CD7003A45E7 /* 0601-ViewSwitcher */;
			targetProxy = BFBA11251A122CD7003A45E7 /* PBXContainerItemProxy */;
		};
/* End PBXTargetDependency section */

/* Begin PBXVariantGroup section */
		BFBA11111A122CD7003A45E7 /* InfoPlist.strings */ = {
			isa = PBXVariantGroup;
			children = (
				BFBA11121A122CD7003A45E7 /* en */,
			);
			name = InfoPlist.strings;
			sourceTree = "<group>";
		};
		BFBA112A1A122CD7003A45E7 /* InfoPlist.strings */ = {
			isa = PBXVariantGroup;
			children = (
				BFBA112B1A122CD7003A45E7 /* en */,
			);
			name = InfoPlist.strings;
			sourceTree = "<group>";
		};
/* End PBXVariantGroup section */

/* Begin XCBuildConfiguration section */
		BFBA112F1A122CD7003A45E7 /* Debug */ = {
			isa = XCBuildConfiguration;
			buildSettings = {
				ALWAYS_SEARCH_USER_PATHS = NO;
				CLANG_CXX_LANGUAGE_STANDARD = "gnu++0x";
				CLANG_CXX_LIBRARY = "libc++";
				CLANG_ENABLE_MODULES = YES;
				CLANG_ENABLE_OBJC_ARC = YES;
				CLANG_WARN_BOOL_CONVERSION = YES;
				CLANG_WARN_CONSTANT_CONVERSION = YES;
				CLANG_WARN_DIRECT_OBJC_ISA_USAGE = YES_ERROR;
				CLANG_WARN_EMPTY_BODY = YES;
				CLANG_WARN_ENUM_CONVERSION = YES;
				CLANG_WARN_INT_CONVERSION = YES;
				CLANG_WARN_OBJC_ROOT_CLASS = YES_ERROR;
				CLANG_WARN__DUPLICATE_METHOD_MATCH = YES;
				"CODE_SIGN_IDENTITY[sdk=iphoneos*]" = "iPhone Developer";
				COPY_PHASE_STRIP = NO;
				GCC_C_LANGUAGE_STANDARD = gnu99;
				GCC_DYNAMIC_NO_PIC = NO;
				GCC_OPTIMIZATION_LEVEL = 0;
				GCC_PREPROCESSOR_DEFINITIONS = (
					"DEBUG=1",
					"$(inherited)",
				);
				GCC_SYMBOLS_PRIVATE_EXTERN = NO;
				GCC_WARN_64_TO_32_BIT_CONVERSION = YES;
				GCC_WARN_ABOUT_RETURN_TYPE = YES_ERROR;
				GCC_WARN_UNDECLARED_SELECTOR = YES;
				GCC_WARN_UNINITIALIZED_AUTOS = YES_AGGRESSIVE;
				GCC_WARN_UNUSED_FUNCTION = YES;
				GCC_WARN_UNUSED_VARIABLE = YES;
				IPHONEOS_DEPLOYMENT_TARGET = 7.1;
				ONLY_ACTIVE_ARCH = YES;
				SDKROOT = iphoneos;
			};
			name = Debug;
		};
		BFBA11301A122CD7003A45E7 /* Release */ = {
			isa = XCBuildConfiguration;
			buildSettings = {
				ALWAYS_SEARCH_USER_PATHS = NO;
				CLANG_CXX_LANGUAGE_STANDARD = "gnu++0x";
				CLANG_CXX_LIBRARY = "libc++";
				CLANG_ENABLE_MODULES = YES;
				CLANG_ENABLE_OBJC_ARC = YES;
				CLANG_WARN_BOOL_CONVERSION = YES;
				CLANG_WARN_CONSTANT_CONVERSION = YES;
				CLANG_WARN_DIRECT_OBJC_ISA_USAGE = YES_ERROR;
				CLANG_WARN_EMPTY_BODY = YES;
				CLANG_WARN_ENUM_CONVERSION = YES;
				CLANG_WARN_INT_CONVERSION = YES;
				CLANG_WARN_OBJC_ROOT_CLASS = YES_ERROR;
				CLANG_WARN__DUPLICATE_METHOD_MATCH = YES;
				"CODE_SIGN_IDENTITY[sdk=iphoneos*]" = "iPhone Developer";
				COPY_PHASE_STRIP = YES;
				ENABLE_NS_ASSERTIONS = NO;
				GCC_C_LANGUAGE_STANDARD = gnu99;
				GCC_WARN_64_TO_32_BIT_CONVERSION = YES;
				GCC_WARN_ABOUT_RETURN_TYPE = YES_ERROR;
				GCC_WARN_UNDECLARED_SELECTOR = YES;
				GCC_WARN_UNINITIALIZED_AUTOS = YES_AGGRESSIVE;
				GCC_WARN_UNUSED_FUNCTION = YES;
				GCC_WARN_UNUSED_VARIABLE = YES;
				IPHONEOS_DEPLOYMENT_TARGET = 7.1;
				SDKROOT = iphoneos;
				VALIDATE_PRODUCT = YES;
			};
			name = Release;
		};
		BFBA11321A122CD7003A45E7 /* Debug */ = {
			isa = XCBuildConfiguration;
			buildSettings = {
				ASSETCATALOG_COMPILER_APPICON_NAME = AppIcon;
				ASSETCATALOG_COMPILER_LAUNCHIMAGE_NAME = LaunchImage;
				GCC_PRECOMPILE_PREFIX_HEADER = YES;
				GCC_PREFIX_HEADER = "0601-ViewSwitcher/0601-ViewSwitcher-Prefix.pch";
				INFOPLIST_FILE = "0601-ViewSwitcher/0601-ViewSwitcher-Info.plist";
				PRODUCT_NAME = "$(TARGET_NAME)";
				WRAPPER_EXTENSION = app;
			};
			name = Debug;
		};
		BFBA11331A122CD7003A45E7 /* Release */ = {
			isa = XCBuildConfiguration;
			buildSettings = {
				ASSETCATALOG_COMPILER_APPICON_NAME = AppIcon;
				ASSETCATALOG_COMPILER_LAUNCHIMAGE_NAME = LaunchImage;
				GCC_PRECOMPILE_PREFIX_HEADER = YES;
				GCC_PREFIX_HEADER = "0601-ViewSwitcher/0601-ViewSwitcher-Prefix.pch";
				INFOPLIST_FILE = "0601-ViewSwitcher/0601-ViewSwitcher-Info.plist";
				PRODUCT_NAME = "$(TARGET_NAME)";
				WRAPPER_EXTENSION = app;
			};
			name = Release;
		};
		BFBA11351A122CD7003A45E7 /* Debug */ = {
			isa = XCBuildConfiguration;
			buildSettings = {
				BUNDLE_LOADER = "$(BUILT_PRODUCTS_DIR)/0601-ViewSwitcher.app/0601-ViewSwitcher";
				FRAMEWORK_SEARCH_PATHS = (
					"$(SDKROOT)/Developer/Library/Frameworks",
					"$(inherited)",
					"$(DEVELOPER_FRAMEWORKS_DIR)",
				);
				GCC_PRECOMPILE_PREFIX_HEADER = YES;
				GCC_PREFIX_HEADER = "0601-ViewSwitcher/0601-ViewSwitcher-Prefix.pch";
				GCC_PREPROCESSOR_DEFINITIONS = (
					"DEBUG=1",
					"$(inherited)",
				);
				INFOPLIST_FILE = "0601-ViewSwitcherTests/0601-ViewSwitcherTests-Info.plist";
				PRODUCT_NAME = "$(TARGET_NAME)";
				TEST_HOST = "$(BUNDLE_LOADER)";
				WRAPPER_EXTENSION = xctest;
			};
			name = Debug;
		};
		BFBA11361A122CD7003A45E7 /* Release */ = {
			isa = XCBuildConfiguration;
			buildSettings = {
				BUNDLE_LOADER = "$(BUILT_PRODUCTS_DIR)/0601-ViewSwitcher.app/0601-ViewSwitcher";
				FRAMEWORK_SEARCH_PATHS = (
					"$(SDKROOT)/Developer/Library/Frameworks",
					"$(inherited)",
					"$(DEVELOPER_FRAMEWORKS_DIR)",
				);
				GCC_PRECOMPILE_PREFIX_HEADER = YES;
				GCC_PREFIX_HEADER = "0601-ViewSwitcher/0601-ViewSwitcher-Prefix.pch";
				INFOPLIST_FILE = "0601-ViewSwitcherTests/0601-ViewSwitcherTests-Info.plist";
				PRODUCT_NAME = "$(TARGET_NAME)";
				TEST_HOST = "$(BUNDLE_LOADER)";
				WRAPPER_EXTENSION = xctest;
			};
			name = Release;
		};
/* End XCBuildConfiguration section */

/* Begin XCConfigurationList section */
		BFBA11001A122CD7003A45E7 /* Build configuration list for PBXProject "0601-ViewSwitcher" */ = {
			isa = XCConfigurationList;
			buildConfigurations = (
				BFBA112F1A122CD7003A45E7 /* Debug */,
				BFBA11301A122CD7003A45E7 /* Release */,
			);
			defaultConfigurationIsVisible = 0;
			defaultConfigurationName = Release;
		};
		BFBA11311A122CD7003A45E7 /* Build configuration list for PBXNativeTarget "0601-ViewSwitcher" */ = {
			isa = XCConfigurationList;
			buildConfigurations = (
				BFBA11321A122CD7003A45E7 /* Debug */,
				BFBA11331A122CD7003A45E7 /* Release */,
			);
			defaultConfigurationIsVisible = 0;
		};
		BFBA11341A122CD7003A45E7 /* Build configuration list for PBXNativeTarget "0601-ViewSwitcherTests" */ = {
			isa = XCConfigurationList;
			buildConfigurations = (
				BFBA11351A122CD7003A45E7 /* Debug */,
				BFBA11361A122CD7003A45E7 /* Release */,
			);
			defaultConfigurationIsVisible = 0;
		};
/* End XCConfigurationList section */
	};
	rootObject = BFBA10FD1A122CD7003A45E7 /* Project object */;
}
