// !$*UTF8*$!
{
	archiveVersion = 1;
	classes = {
	};
	objectVersion = 46;
	objects = {

/* Begin PBXBuildFile section */
		BFD38EB41A23012E00ACC2EF /* Foundation.framework in Frameworks */ = {isa = PBXBuildFile; fileRef = BFD38EB31A23012E00ACC2EF /* Foundation.framework */; };
		BFD38EB61A23012E00ACC2EF /* CoreGraphics.framework in Frameworks */ = {isa = PBXBuildFile; fileRef = BFD38EB51A23012E00ACC2EF /* CoreGraphics.framework */; };
		BFD38EB81A23012E00ACC2EF /* UIKit.framework in Frameworks */ = {isa = PBXBuildFile; fileRef = BFD38EB71A23012E00ACC2EF /* UIKit.framework */; };
		BFD38EBE1A23012E00ACC2EF /* InfoPlist.strings in Resources */ = {isa = PBXBuildFile; fileRef = BFD38EBC1A23012E00ACC2EF /* InfoPlist.strings */; };
		BFD38EC01A23012E00ACC2EF /* main.m in Sources */ = {isa = PBXBuildFile; fileRef = BFD38EBF1A23012E00ACC2EF /* main.m */; };
		BFD38EC41A23012E00ACC2EF /* BIDAppDelegate.m in Sources */ = {isa = PBXBuildFile; fileRef = BFD38EC31A23012E00ACC2EF /* BIDAppDelegate.m */; };
		BFD38EC61A23012E00ACC2EF /* Images.xcassets in Resources */ = {isa = PBXBuildFile; fileRef = BFD38EC51A23012E00ACC2EF /* Images.xcassets */; };
		BFD38ECD1A23012E00ACC2EF /* XCTest.framework in Frameworks */ = {isa = PBXBuildFile; fileRef = BFD38ECC1A23012E00ACC2EF /* XCTest.framework */; };
		BFD38ECE1A23012E00ACC2EF /* Foundation.framework in Frameworks */ = {isa = PBXBuildFile; fileRef = BFD38EB31A23012E00ACC2EF /* Foundation.framework */; };
		BFD38ECF1A23012F00ACC2EF /* UIKit.framework in Frameworks */ = {isa = PBXBuildFile; fileRef = BFD38EB71A23012E00ACC2EF /* UIKit.framework */; };
		BFD38ED71A23012F00ACC2EF /* InfoPlist.strings in Resources */ = {isa = PBXBuildFile; fileRef = BFD38ED51A23012F00ACC2EF /* InfoPlist.strings */; };
		BFD38ED91A23012F00ACC2EF /* _701_PickerTests.m in Sources */ = {isa = PBXBuildFile; fileRef = BFD38ED81A23012F00ACC2EF /* _701_PickerTests.m */; };
		BFD38EE41A23047700ACC2EF /* BIDDatePickerViewController.m in Sources */ = {isa = PBXBuildFile; fileRef = BFD38EE31A23047700ACC2EF /* BIDDatePickerViewController.m */; };
		BFD38EE51A23047700ACC2EF /* BIDDatePickerViewController.m in Sources */ = {isa = PBXBuildFile; fileRef = BFD38EE31A23047700ACC2EF /* BIDDatePickerViewController.m */; };
		BFD38EE81A23059400ACC2EF /* BIDSingleComponentPickerViewController.m in Sources */ = {isa = PBXBuildFile; fileRef = BFD38EE71A23059400ACC2EF /* BIDSingleComponentPickerViewController.m */; };
		BFD38EE91A23059400ACC2EF /* BIDSingleComponentPickerViewController.m in Sources */ = {isa = PBXBuildFile; fileRef = BFD38EE71A23059400ACC2EF /* BIDSingleComponentPickerViewController.m */; };
		BFD38EEC1A2305C100ACC2EF /* BIDDoubleComponentPickerViewController.m in Sources */ = {isa = PBXBuildFile; fileRef = BFD38EEB1A2305C100ACC2EF /* BIDDoubleComponentPickerViewController.m */; };
		BFD38EED1A2305C100ACC2EF /* BIDDoubleComponentPickerViewController.m in Sources */ = {isa = PBXBuildFile; fileRef = BFD38EEB1A2305C100ACC2EF /* BIDDoubleComponentPickerViewController.m */; };
		BFD38EF01A2305DA00ACC2EF /* BIDDependentComponentPickerViewController.m in Sources */ = {isa = PBXBuildFile; fileRef = BFD38EEF1A2305DA00ACC2EF /* BIDDependentComponentPickerViewController.m */; };
		BFD38EF11A2305DA00ACC2EF /* BIDDependentComponentPickerViewController.m in Sources */ = {isa = PBXBuildFile; fileRef = BFD38EEF1A2305DA00ACC2EF /* BIDDependentComponentPickerViewController.m */; };
		BFD38EF41A2305EE00ACC2EF /* BIDCustomPickerViewController.m in Sources */ = {isa = PBXBuildFile; fileRef = BFD38EF31A2305EE00ACC2EF /* BIDCustomPickerViewController.m */; };
		BFD38EF51A2305EE00ACC2EF /* BIDCustomPickerViewController.m in Sources */ = {isa = PBXBuildFile; fileRef = BFD38EF31A2305EE00ACC2EF /* BIDCustomPickerViewController.m */; };
		BFD38EF71A230C2000ACC2EF /* Main.storyboard in Resources */ = {isa = PBXBuildFile; fileRef = BFD38EF61A230C2000ACC2EF /* Main.storyboard */; };
		BFD38EF81A230C2000ACC2EF /* Main.storyboard in Resources */ = {isa = PBXBuildFile; fileRef = BFD38EF61A230C2000ACC2EF /* Main.storyboard */; };
/* End PBXBuildFile section */

/* Begin PBXContainerItemProxy section */
		BFD38ED01A23012F00ACC2EF /* PBXContainerItemProxy */ = {
			isa = PBXContainerItemProxy;
			containerPortal = BFD38EA81A23012E00ACC2EF /* Project object */;
			proxyType = 1;
			remoteGlobalIDString = BFD38EAF1A23012E00ACC2EF;
			remoteInfo = "0701-Picker";
		};
/* End PBXContainerItemProxy section */

/* Begin PBXFileReference section */
		BFD38EB01A23012E00ACC2EF /* 0701-Picker.app */ = {isa = PBXFileReference; explicitFileType = wrapper.application; includeInIndex = 0; path = "0701-Picker.app"; sourceTree = BUILT_PRODUCTS_DIR; };
		BFD38EB31A23012E00ACC2EF /* Foundation.framework */ = {isa = PBXFileReference; lastKnownFileType = wrapper.framework; name = Foundation.framework; path = System/Library/Frameworks/Foundation.framework; sourceTree = SDKROOT; };
		BFD38EB51A23012E00ACC2EF /* CoreGraphics.framework */ = {isa = PBXFileReference; lastKnownFileType = wrapper.framework; name = CoreGraphics.framework; path = System/Library/Frameworks/CoreGraphics.framework; sourceTree = SDKROOT; };
		BFD38EB71A23012E00ACC2EF /* UIKit.framework */ = {isa = PBXFileReference; lastKnownFileType = wrapper.framework; name = UIKit.framework; path = System/Library/Frameworks/UIKit.framework; sourceTree = SDKROOT; };
		BFD38EBB1A23012E00ACC2EF /* 0701-Picker-Info.plist */ = {isa = PBXFileReference; lastKnownFileType = text.plist.xml; path = "0701-Picker-Info.plist"; sourceTree = "<group>"; };
		BFD38EBD1A23012E00ACC2EF /* en */ = {isa = PBXFileReference; lastKnownFileType = text.plist.strings; name = en; path = en.lproj/InfoPlist.strings; sourceTree = "<group>"; };
		BFD38EBF1A23012E00ACC2EF /* main.m */ = {isa = PBXFileReference; lastKnownFileType = sourcecode.c.objc; path = main.m; sourceTree = "<group>"; };
		BFD38EC11A23012E00ACC2EF /* 0701-Picker-Prefix.pch */ = {isa = PBXFileReference; lastKnownFileType = sourcecode.c.h; path = "0701-Picker-Prefix.pch"; sourceTree = "<group>"; };
		BFD38EC21A23012E00ACC2EF /* BIDAppDelegate.h */ = {isa = PBXFileReference; lastKnownFileType = sourcecode.c.h; path = BIDAppDelegate.h; sourceTree = "<group>"; };
		BFD38EC31A23012E00ACC2EF /* BIDAppDelegate.m */ = {isa = PBXFileReference; lastKnownFileType = sourcecode.c.objc; path = BIDAppDelegate.m; sourceTree = "<group>"; };
		BFD38EC51A23012E00ACC2EF /* Images.xcassets */ = {isa = PBXFileReference; lastKnownFileType = folder.assetcatalog; path = Images.xcassets; sourceTree = "<group>"; };
		BFD38ECB1A23012E00ACC2EF /* 0701-PickerTests.xctest */ = {isa = PBXFileReference; explicitFileType = wrapper.cfbundle; includeInIndex = 0; path = "0701-PickerTests.xctest"; sourceTree = BUILT_PRODUCTS_DIR; };
		BFD38ECC1A23012E00ACC2EF /* XCTest.framework */ = {isa = PBXFileReference; lastKnownFileType = wrapper.framework; name = XCTest.framework; path = Library/Frameworks/XCTest.framework; sourceTree = DEVELOPER_DIR; };
		BFD38ED41A23012F00ACC2EF /* 0701-PickerTests-Info.plist */ = {isa = PBXFileReference; lastKnownFileType = text.plist.xml; path = "0701-PickerTests-Info.plist"; sourceTree = "<group>"; };
		BFD38ED61A23012F00ACC2EF /* en */ = {isa = PBXFileReference; lastKnownFileType = text.plist.strings; name = en; path = en.lproj/InfoPlist.strings; sourceTree = "<group>"; };
		BFD38ED81A23012F00ACC2EF /* _701_PickerTests.m */ = {isa = PBXFileReference; lastKnownFileType = sourcecode.c.objc; path = _701_PickerTests.m; sourceTree = "<group>"; };
		BFD38EE21A23047700ACC2EF /* BIDDatePickerViewController.h */ = {isa = PBXFileReference; fileEncoding = 4; lastKnownFileType = sourcecode.c.h; path = BIDDatePickerViewController.h; sourceTree = "<group>"; };
		BFD38EE31A23047700ACC2EF /* BIDDatePickerViewController.m */ = {isa = PBXFileReference; fileEncoding = 4; lastKnownFileType = sourcecode.c.objc; path = BIDDatePickerViewController.m; sourceTree = "<group>"; };
		BFD38EE61A23059400ACC2EF /* BIDSingleComponentPickerViewController.h */ = {isa = PBXFileReference; fileEncoding = 4; lastKnownFileType = sourcecode.c.h; path = BIDSingleComponentPickerViewController.h; sourceTree = "<group>"; };
		BFD38EE71A23059400ACC2EF /* BIDSingleComponentPickerViewController.m */ = {isa = PBXFileReference; fileEncoding = 4; lastKnownFileType = sourcecode.c.objc; path = BIDSingleComponentPickerViewController.m; sourceTree = "<group>"; };
		BFD38EEA1A2305C100ACC2EF /* BIDDoubleComponentPickerViewController.h */ = {isa = PBXFileReference; fileEncoding = 4; lastKnownFileType = sourcecode.c.h; path = BIDDoubleComponentPickerViewController.h; sourceTree = "<group>"; };
		BFD38EEB1A2305C100ACC2EF /* BIDDoubleComponentPickerViewController.m */ = {isa = PBXFileReference; fileEncoding = 4; lastKnownFileType = sourcecode.c.objc; path = BIDDoubleComponentPickerViewController.m; sourceTree = "<group>"; };
		BFD38EEE1A2305DA00ACC2EF /* BIDDependentComponentPickerViewController.h */ = {isa = PBXFileReference; fileEncoding = 4; lastKnownFileType = sourcecode.c.h; path = BIDDependentComponentPickerViewController.h; sourceTree = "<group>"; };
		BFD38EEF1A2305DA00ACC2EF /* BIDDependentComponentPickerViewController.m */ = {isa = PBXFileReference; fileEncoding = 4; lastKnownFileType = sourcecode.c.objc; path = BIDDependentComponentPickerViewController.m; sourceTree = "<group>"; };
		BFD38EF21A2305EE00ACC2EF /* BIDCustomPickerViewController.h */ = {isa = PBXFileReference; fileEncoding = 4; lastKnownFileType = sourcecode.c.h; path = BIDCustomPickerViewController.h; sourceTree = "<group>"; };
		BFD38EF31A2305EE00ACC2EF /* BIDCustomPickerViewController.m */ = {isa = PBXFileReference; fileEncoding = 4; lastKnownFileType = sourcecode.c.objc; path = BIDCustomPickerViewController.m; sourceTree = "<group>"; };
		BFD38EF61A230C2000ACC2EF /* Main.storyboard */ = {isa = PBXFileReference; fileEncoding = 4; lastKnownFileType = file.storyboard; path = Main.storyboard; sourceTree = "<group>"; };
/* End PBXFileReference section */

/* Begin PBXFrameworksBuildPhase section */
		BFD38EAD1A23012E00ACC2EF /* Frameworks */ = {
			isa = PBXFrameworksBuildPhase;
			buildActionMask = 2147483647;
			files = (
				BFD38EB61A23012E00ACC2EF /* CoreGraphics.framework in Frameworks */,
				BFD38EB81A23012E00ACC2EF /* UIKit.framework in Frameworks */,
				BFD38EB41A23012E00ACC2EF /* Foundation.framework in Frameworks */,
			);
			runOnlyForDeploymentPostprocessing = 0;
		};
		BFD38EC81A23012E00ACC2EF /* Frameworks */ = {
			isa = PBXFrameworksBuildPhase;
			buildActionMask = 2147483647;
			files = (
				BFD38ECD1A23012E00ACC2EF /* XCTest.framework in Frameworks */,
				BFD38ECF1A23012F00ACC2EF /* UIKit.framework in Frameworks */,
				BFD38ECE1A23012E00ACC2EF /* Foundation.framework in Frameworks */,
			);
			runOnlyForDeploymentPostprocessing = 0;
		};
/* End PBXFrameworksBuildPhase section */

/* Begin PBXGroup section */
		BFD38EA71A23012E00ACC2EF = {
			isa = PBXGroup;
			children = (
				BFD38EB91A23012E00ACC2EF /* 0701-Picker */,
				BFD38ED21A23012F00ACC2EF /* 0701-PickerTests */,
				BFD38EB21A23012E00ACC2EF /* Frameworks */,
				BFD38EB11A23012E00ACC2EF /* Products */,
			);
			sourceTree = "<group>";
		};
		BFD38EB11A23012E00ACC2EF /* Products */ = {
			isa = PBXGroup;
			children = (
				BFD38EB01A23012E00ACC2EF /* 0701-Picker.app */,
				BFD38ECB1A23012E00ACC2EF /* 0701-PickerTests.xctest */,
			);
			name = Products;
			sourceTree = "<group>";
		};
		BFD38EB21A23012E00ACC2EF /* Frameworks */ = {
			isa = PBXGroup;
			children = (
				BFD38EB31A23012E00ACC2EF /* Foundation.framework */,
				BFD38EB51A23012E00ACC2EF /* CoreGraphics.framework */,
				BFD38EB71A23012E00ACC2EF /* UIKit.framework */,
				BFD38ECC1A23012E00ACC2EF /* XCTest.framework */,
			);
			name = Frameworks;
			sourceTree = "<group>";
		};
		BFD38EB91A23012E00ACC2EF /* 0701-Picker */ = {
			isa = PBXGroup;
			children = (
				BFD38EE21A23047700ACC2EF /* BIDDatePickerViewController.h */,
				BFD38EE31A23047700ACC2EF /* BIDDatePickerViewController.m */,
				BFD38EE61A23059400ACC2EF /* BIDSingleComponentPickerViewController.h */,
				BFD38EE71A23059400ACC2EF /* BIDSingleComponentPickerViewController.m */,
				BFD38EEA1A2305C100ACC2EF /* BIDDoubleComponentPickerViewController.h */,
				BFD38EEB1A2305C100ACC2EF /* BIDDoubleComponentPickerViewController.m */,
				BFD38EEE1A2305DA00ACC2EF /* BIDDependentComponentPickerViewController.h */,
				BFD38EEF1A2305DA00ACC2EF /* BIDDependentComponentPickerViewController.m */,
				BFD38EF21A2305EE00ACC2EF /* BIDCustomPickerViewController.h */,
				BFD38EF31A2305EE00ACC2EF /* BIDCustomPickerViewController.m */,
				BFD38EC21A23012E00ACC2EF /* BIDAppDelegate.h */,
				BFD38EC31A23012E00ACC2EF /* BIDAppDelegate.m */,
				BFD38EF61A230C2000ACC2EF /* Main.storyboard */,
				BFD38EC51A23012E00ACC2EF /* Images.xcassets */,
				BFD38EBA1A23012E00ACC2EF /* Supporting Files */,
			);
			path = "0701-Picker";
			sourceTree = "<group>";
		};
		BFD38EBA1A23012E00ACC2EF /* Supporting Files */ = {
			isa = PBXGroup;
			children = (
				BFD38EBB1A23012E00ACC2EF /* 0701-Picker-Info.plist */,
				BFD38EBC1A23012E00ACC2EF /* InfoPlist.strings */,
				BFD38EBF1A23012E00ACC2EF /* main.m */,
				BFD38EC11A23012E00ACC2EF /* 0701-Picker-Prefix.pch */,
			);
			name = "Supporting Files";
			sourceTree = "<group>";
		};
		BFD38ED21A23012F00ACC2EF /* 0701-PickerTests */ = {
			isa = PBXGroup;
			children = (
				BFD38ED81A23012F00ACC2EF /* _701_PickerTests.m */,
				BFD38ED31A23012F00ACC2EF /* Supporting Files */,
			);
			path = "0701-PickerTests";
			sourceTree = "<group>";
		};
		BFD38ED31A23012F00ACC2EF /* Supporting Files */ = {
			isa = PBXGroup;
			children = (
				BFD38ED41A23012F00ACC2EF /* 0701-PickerTests-Info.plist */,
				BFD38ED51A23012F00ACC2EF /* InfoPlist.strings */,
			);
			name = "Supporting Files";
			sourceTree = "<group>";
		};
/* End PBXGroup section */

/* Begin PBXNativeTarget section */
		BFD38EAF1A23012E00ACC2EF /* 0701-Picker */ = {
			isa = PBXNativeTarget;
			buildConfigurationList = BFD38EDC1A23012F00ACC2EF /* Build configuration list for PBXNativeTarget "0701-Picker" */;
			buildPhases = (
				BFD38EAC1A23012E00ACC2EF /* Sources */,
				BFD38EAD1A23012E00ACC2EF /* Frameworks */,
				BFD38EAE1A23012E00ACC2EF /* Resources */,
			);
			buildRules = (
			);
			dependencies = (
			);
			name = "0701-Picker";
			productName = "0701-Picker";
			productReference = BFD38EB01A23012E00ACC2EF /* 0701-Picker.app */;
			productType = "com.apple.product-type.application";
		};
		BFD38ECA1A23012E00ACC2EF /* 0701-PickerTests */ = {
			isa = PBXNativeTarget;
			buildConfigurationList = BFD38EDF1A23012F00ACC2EF /* Build configuration list for PBXNativeTarget "0701-PickerTests" */;
			buildPhases = (
				BFD38EC71A23012E00ACC2EF /* Sources */,
				BFD38EC81A23012E00ACC2EF /* Frameworks */,
				BFD38EC91A23012E00ACC2EF /* Resources */,
			);
			buildRules = (
			);
			dependencies = (
				BFD38ED11A23012F00ACC2EF /* PBXTargetDependency */,
			);
			name = "0701-PickerTests";
			productName = "0701-PickerTests";
			productReference = BFD38ECB1A23012E00ACC2EF /* 0701-PickerTests.xctest */;
			productType = "com.apple.product-type.bundle.unit-test";
		};
/* End PBXNativeTarget section */

/* Begin PBXProject section */
		BFD38EA81A23012E00ACC2EF /* Project object */ = {
			isa = PBXProject;
			attributes = {
				CLASSPREFIX = BID;
				LastUpgradeCheck = 0510;
				ORGANIZATIONNAME = "___FULLUSERNAME___";
				TargetAttributes = {
					BFD38ECA1A23012E00ACC2EF = {
						TestTargetID = BFD38EAF1A23012E00ACC2EF;
					};
				};
			};
			buildConfigurationList = BFD38EAB1A23012E00ACC2EF /* Build configuration list for PBXProject "0701-Picker" */;
			compatibilityVersion = "Xcode 3.2";
			developmentRegion = English;
			hasScannedForEncodings = 0;
			knownRegions = (
				en,
			);
			mainGroup = BFD38EA71A23012E00ACC2EF;
			productRefGroup = BFD38EB11A23012E00ACC2EF /* Products */;
			projectDirPath = "";
			projectRoot = "";
			targets = (
				BFD38EAF1A23012E00ACC2EF /* 0701-Picker */,
				BFD38ECA1A23012E00ACC2EF /* 0701-PickerTests */,
			);
		};
/* End PBXProject section */

/* Begin PBXResourcesBuildPhase section */
		BFD38EAE1A23012E00ACC2EF /* Resources */ = {
			isa = PBXResourcesBuildPhase;
			buildActionMask = 2147483647;
			files = (
				BFD38EF71A230C2000ACC2EF /* Main.storyboard in Resources */,
				BFD38EBE1A23012E00ACC2EF /* InfoPlist.strings in Resources */,
				BFD38EC61A23012E00ACC2EF /* Images.xcassets in Resources */,
			);
			runOnlyForDeploymentPostprocessing = 0;
		};
		BFD38EC91A23012E00ACC2EF /* Resources */ = {
			isa = PBXResourcesBuildPhase;
			buildActionMask = 2147483647;
			files = (
				BFD38ED71A23012F00ACC2EF /* InfoPlist.strings in Resources */,
				BFD38EF81A230C2000ACC2EF /* Main.storyboard in Resources */,
			);
			runOnlyForDeploymentPostprocessing = 0;
		};
/* End PBXResourcesBuildPhase section */

/* Begin PBXSourcesBuildPhase section */
		BFD38EAC1A23012E00ACC2EF /* Sources */ = {
			isa = PBXSourcesBuildPhase;
			buildActionMask = 2147483647;
			files = (
				BFD38EF01A2305DA00ACC2EF /* BIDDependentComponentPickerViewController.m in Sources */,
				BFD38EE81A23059400ACC2EF /* BIDSingleComponentPickerViewController.m in Sources */,
				BFD38EEC1A2305C100ACC2EF /* BIDDoubleComponentPickerViewController.m in Sources */,
				BFD38EC41A23012E00ACC2EF /* BIDAppDelegate.m in Sources */,
				BFD38EC01A23012E00ACC2EF /* main.m in Sources */,
				BFD38EE41A23047700ACC2EF /* BIDDatePickerViewController.m in Sources */,
				BFD38EF41A2305EE00ACC2EF /* BIDCustomPickerViewController.m in Sources */,
			);
			runOnlyForDeploymentPostprocessing = 0;
		};
		BFD38EC71A23012E00ACC2EF /* Sources */ = {
			isa = PBXSourcesBuildPhase;
			buildActionMask = 2147483647;
			files = (
				BFD38EE51A23047700ACC2EF /* BIDDatePickerViewController.m in Sources */,
				BFD38EED1A2305C100ACC2EF /* BIDDoubleComponentPickerViewController.m in Sources */,
				BFD38ED91A23012F00ACC2EF /* _701_PickerTests.m in Sources */,
				BFD38EE91A23059400ACC2EF /* BIDSingleComponentPickerViewController.m in Sources */,
				BFD38EF11A2305DA00ACC2EF /* BIDDependentComponentPickerViewController.m in Sources */,
				BFD38EF51A2305EE00ACC2EF /* BIDCustomPickerViewController.m in Sources */,
			);
			runOnlyForDeploymentPostprocessing = 0;
		};
/* End PBXSourcesBuildPhase section */

/* Begin PBXTargetDependency section */
		BFD38ED11A23012F00ACC2EF /* PBXTargetDependency */ = {
			isa = PBXTargetDependency;
			target = BFD38EAF1A23012E00ACC2EF /* 0701-Picker */;
			targetProxy = BFD38ED01A23012F00ACC2EF /* PBXContainerItemProxy */;
		};
/* End PBXTargetDependency section */

/* Begin PBXVariantGroup section */
		BFD38EBC1A23012E00ACC2EF /* InfoPlist.strings */ = {
			isa = PBXVariantGroup;
			children = (
				BFD38EBD1A23012E00ACC2EF /* en */,
			);
			name = InfoPlist.strings;
			sourceTree = "<group>";
		};
		BFD38ED51A23012F00ACC2EF /* InfoPlist.strings */ = {
			isa = PBXVariantGroup;
			children = (
				BFD38ED61A23012F00ACC2EF /* en */,
			);
			name = InfoPlist.strings;
			sourceTree = "<group>";
		};
/* End PBXVariantGroup section */

/* Begin XCBuildConfiguration section */
		BFD38EDA1A23012F00ACC2EF /* Debug */ = {
			isa = XCBuildConfiguration;
			buildSettings = {
				ALWAYS_SEARCH_USER_PATHS = NO;
				CLANG_CXX_LANGUAGE_STANDARD = "gnu++0x";
				CLANG_CXX_LIBRARY = "libc++";
				CLANG_ENABLE_MODULES = YES;
				CLANG_ENABLE_OBJC_ARC = YES;
				CLANG_WARN_BOOL_CONVERSION = YES;
				CLANG_WARN_CONSTANT_CONVERSION = YES;
				CLANG_WARN_DIRECT_OBJC_ISA_USAGE = YES_ERROR;
				CLANG_WARN_EMPTY_BODY = YES;
				CLANG_WARN_ENUM_CONVERSION = YES;
				CLANG_WARN_INT_CONVERSION = YES;
				CLANG_WARN_OBJC_ROOT_CLASS = YES_ERROR;
				CLANG_WARN__DUPLICATE_METHOD_MATCH = YES;
				"CODE_SIGN_IDENTITY[sdk=iphoneos*]" = "iPhone Developer";
				COPY_PHASE_STRIP = NO;
				GCC_C_LANGUAGE_STANDARD = gnu99;
				GCC_DYNAMIC_NO_PIC = NO;
				GCC_OPTIMIZATION_LEVEL = 0;
				GCC_PREPROCESSOR_DEFINITIONS = (
					"DEBUG=1",
					"$(inherited)",
				);
				GCC_SYMBOLS_PRIVATE_EXTERN = NO;
				GCC_WARN_64_TO_32_BIT_CONVERSION = YES;
				GCC_WARN_ABOUT_RETURN_TYPE = YES_ERROR;
				GCC_WARN_UNDECLARED_SELECTOR = YES;
				GCC_WARN_UNINITIALIZED_AUTOS = YES_AGGRESSIVE;
				GCC_WARN_UNUSED_FUNCTION = YES;
				GCC_WARN_UNUSED_VARIABLE = YES;
				IPHONEOS_DEPLOYMENT_TARGET = 7.1;
				ONLY_ACTIVE_ARCH = YES;
				SDKROOT = iphoneos;
			};
			name = Debug;
		};
		BFD38EDB1A23012F00ACC2EF /* Release */ = {
			isa = XCBuildConfiguration;
			buildSettings = {
				ALWAYS_SEARCH_USER_PATHS = NO;
				CLANG_CXX_LANGUAGE_STANDARD = "gnu++0x";
				CLANG_CXX_LIBRARY = "libc++";
				CLANG_ENABLE_MODULES = YES;
				CLANG_ENABLE_OBJC_ARC = YES;
				CLANG_WARN_BOOL_CONVERSION = YES;
				CLANG_WARN_CONSTANT_CONVERSION = YES;
				CLANG_WARN_DIRECT_OBJC_ISA_USAGE = YES_ERROR;
				CLANG_WARN_EMPTY_BODY = YES;
				CLANG_WARN_ENUM_CONVERSION = YES;
				CLANG_WARN_INT_CONVERSION = YES;
				CLANG_WARN_OBJC_ROOT_CLASS = YES_ERROR;
				CLANG_WARN__DUPLICATE_METHOD_MATCH = YES;
				"CODE_SIGN_IDENTITY[sdk=iphoneos*]" = "iPhone Developer";
				COPY_PHASE_STRIP = YES;
				ENABLE_NS_ASSERTIONS = NO;
				GCC_C_LANGUAGE_STANDARD = gnu99;
				GCC_WARN_64_TO_32_BIT_CONVERSION = YES;
				GCC_WARN_ABOUT_RETURN_TYPE = YES_ERROR;
				GCC_WARN_UNDECLARED_SELECTOR = YES;
				GCC_WARN_UNINITIALIZED_AUTOS = YES_AGGRESSIVE;
				GCC_WARN_UNUSED_FUNCTION = YES;
				GCC_WARN_UNUSED_VARIABLE = YES;
				IPHONEOS_DEPLOYMENT_TARGET = 7.1;
				SDKROOT = iphoneos;
				VALIDATE_PRODUCT = YES;
			};
			name = Release;
		};
		BFD38EDD1A23012F00ACC2EF /* Debug */ = {
			isa = XCBuildConfiguration;
			buildSettings = {
				ASSETCATALOG_COMPILER_APPICON_NAME = AppIcon;
				ASSETCATALOG_COMPILER_LAUNCHIMAGE_NAME = LaunchImage;
				GCC_PRECOMPILE_PREFIX_HEADER = YES;
				GCC_PREFIX_HEADER = "0701-Picker/0701-Picker-Prefix.pch";
				INFOPLIST_FILE = "0701-Picker/0701-Picker-Info.plist";
				PRODUCT_NAME = "$(TARGET_NAME)";
				WRAPPER_EXTENSION = app;
			};
			name = Debug;
		};
		BFD38EDE1A23012F00ACC2EF /* Release */ = {
			isa = XCBuildConfiguration;
			buildSettings = {
				ASSETCATALOG_COMPILER_APPICON_NAME = AppIcon;
				ASSETCATALOG_COMPILER_LAUNCHIMAGE_NAME = LaunchImage;
				GCC_PRECOMPILE_PREFIX_HEADER = YES;
				GCC_PREFIX_HEADER = "0701-Picker/0701-Picker-Prefix.pch";
				INFOPLIST_FILE = "0701-Picker/0701-Picker-Info.plist";
				PRODUCT_NAME = "$(TARGET_NAME)";
				WRAPPER_EXTENSION = app;
			};
			name = Release;
		};
		BFD38EE01A23012F00ACC2EF /* Debug */ = {
			isa = XCBuildConfiguration;
			buildSettings = {
				BUNDLE_LOADER = "$(BUILT_PRODUCTS_DIR)/0701-Picker.app/0701-Picker";
				FRAMEWORK_SEARCH_PATHS = (
					"$(SDKROOT)/Developer/Library/Frameworks",
					"$(inherited)",
					"$(DEVELOPER_FRAMEWORKS_DIR)",
				);
				GCC_PRECOMPILE_PREFIX_HEADER = YES;
				GCC_PREFIX_HEADER = "0701-Picker/0701-Picker-Prefix.pch";
				GCC_PREPROCESSOR_DEFINITIONS = (
					"DEBUG=1",
					"$(inherited)",
				);
				INFOPLIST_FILE = "0701-PickerTests/0701-PickerTests-Info.plist";
				PRODUCT_NAME = "$(TARGET_NAME)";
				TEST_HOST = "$(BUNDLE_LOADER)";
				WRAPPER_EXTENSION = xctest;
			};
			name = Debug;
		};
		BFD38EE11A23012F00ACC2EF /* Release */ = {
			isa = XCBuildConfiguration;
			buildSettings = {
				BUNDLE_LOADER = "$(BUILT_PRODUCTS_DIR)/0701-Picker.app/0701-Picker";
				FRAMEWORK_SEARCH_PATHS = (
					"$(SDKROOT)/Developer/Library/Frameworks",
					"$(inherited)",
					"$(DEVELOPER_FRAMEWORKS_DIR)",
				);
				GCC_PRECOMPILE_PREFIX_HEADER = YES;
				GCC_PREFIX_HEADER = "0701-Picker/0701-Picker-Prefix.pch";
				INFOPLIST_FILE = "0701-PickerTests/0701-PickerTests-Info.plist";
				PRODUCT_NAME = "$(TARGET_NAME)";
				TEST_HOST = "$(BUNDLE_LOADER)";
				WRAPPER_EXTENSION = xctest;
			};
			name = Release;
		};
/* End XCBuildConfiguration section */

/* Begin XCConfigurationList section */
		BFD38EAB1A23012E00ACC2EF /* Build configuration list for PBXProject "0701-Picker" */ = {
			isa = XCConfigurationList;
			buildConfigurations = (
				BFD38EDA1A23012F00ACC2EF /* Debug */,
				BFD38EDB1A23012F00ACC2EF /* Release */,
			);
			defaultConfigurationIsVisible = 0;
			defaultConfigurationName = Release;
		};
		BFD38EDC1A23012F00ACC2EF /* Build configuration list for PBXNativeTarget "0701-Picker" */ = {
			isa = XCConfigurationList;
			buildConfigurations = (
				BFD38EDD1A23012F00ACC2EF /* Debug */,
				BFD38EDE1A23012F00ACC2EF /* Release */,
			);
			defaultConfigurationIsVisible = 0;
		};
		BFD38EDF1A23012F00ACC2EF /* Build configuration list for PBXNativeTarget "0701-PickerTests" */ = {
			isa = XCConfigurationList;
			buildConfigurations = (
				BFD38EE01A23012F00ACC2EF /* Debug */,
				BFD38EE11A23012F00ACC2EF /* Release */,
			);
			defaultConfigurationIsVisible = 0;
		};
/* End XCConfigurationList section */
	};
	rootObject = BFD38EA81A23012E00ACC2EF /* Project object */;
}
